// !$*UTF8*$!
{
	archiveVersion = 1;
	classes = {
	};
	objectVersion = 46;
	objects = {

/* Begin PBXBuildFile section */
		6A1527871E73876A0058ADF1 /* main.m in Sources */ = {isa = PBXBuildFile; fileRef = 6A1527861E73876A0058ADF1 /* main.m */; };
		6A15278A1E73876A0058ADF1 /* AppDelegate.m in Sources */ = {isa = PBXBuildFile; fileRef = 6A1527891E73876A0058ADF1 /* AppDelegate.m */; };
		6A15278D1E73876A0058ADF1 /* ViewController.m in Sources */ = {isa = PBXBuildFile; fileRef = 6A15278C1E73876A0058ADF1 /* ViewController.m */; };
		6A1527901E73876A0058ADF1 /* Main.storyboard in Resources */ = {isa = PBXBuildFile; fileRef = 6A15278E1E73876A0058ADF1 /* Main.storyboard */; };
		6A1527921E73876A0058ADF1 /* Assets.xcassets in Resources */ = {isa = PBXBuildFile; fileRef = 6A1527911E73876A0058ADF1 /* Assets.xcassets */; };
		6A1527951E73876A0058ADF1 /* LaunchScreen.storyboard in Resources */ = {isa = PBXBuildFile; fileRef = 6A1527931E73876A0058ADF1 /* LaunchScreen.storyboard */; };
		6A1527A01E73876A0058ADF1 /* _____Tests.m in Sources */ = {isa = PBXBuildFile; fileRef = 6A15279F1E73876A0058ADF1 /* _____Tests.m */; };
		6A1527AB1E73876A0058ADF1 /* _____UITests.m in Sources */ = {isa = PBXBuildFile; fileRef = 6A1527AA1E73876A0058ADF1 /* _____UITests.m */; };
		6A1527BC1E7388660058ADF1 /* LHMCode.m in Sources */ = {isa = PBXBuildFile; fileRef = 6A1527BB1E7388660058ADF1 /* LHMCode.m */; };
		6A1527BF1E7394490058ADF1 /* MyCodeViewController.m in Sources */ = {isa = PBXBuildFile; fileRef = 6A1527BE1E7394490058ADF1 /* MyCodeViewController.m */; };
		6A1527C21E7395760058ADF1 /* UIImage+RoundedRectImage.m in Sources */ = {isa = PBXBuildFile; fileRef = 6A1527C11E7395760058ADF1 /* UIImage+RoundedRectImage.m */; };
		6A1527C41E7398730058ADF1 /* min.jpg in Resources */ = {isa = PBXBuildFile; fileRef = 6A1527C31E7398730058ADF1 /* min.jpg */; };
		6A4E226F1EAE031100BC822A /* LMEditController.m in Sources */ = {isa = PBXBuildFile; fileRef = 6A4E226E1EAE031100BC822A /* LMEditController.m */; };
		6A612F141E9481F80085800C /* LICENSE in Resources */ = {isa = PBXBuildFile; fileRef = 6A612EE31E9481F80085800C /* LICENSE */; };
		6A612F151E9481F80085800C /* MJRefreshAutoFooter.m in Sources */ = {isa = PBXBuildFile; fileRef = 6A612EE71E9481F80085800C /* MJRefreshAutoFooter.m */; };
		6A612F161E9481F80085800C /* MJRefreshBackFooter.m in Sources */ = {isa = PBXBuildFile; fileRef = 6A612EE91E9481F80085800C /* MJRefreshBackFooter.m */; };
		6A612F171E9481F80085800C /* MJRefreshComponent.m in Sources */ = {isa = PBXBuildFile; fileRef = 6A612EEB1E9481F80085800C /* MJRefreshComponent.m */; };
		6A612F181E9481F80085800C /* MJRefreshFooter.m in Sources */ = {isa = PBXBuildFile; fileRef = 6A612EED1E9481F80085800C /* MJRefreshFooter.m */; };
		6A612F191E9481F80085800C /* MJRefreshHeader.m in Sources */ = {isa = PBXBuildFile; fileRef = 6A612EEF1E9481F80085800C /* MJRefreshHeader.m */; };
		6A612F1A1E9481F80085800C /* MJRefreshAutoGifFooter.m in Sources */ = {isa = PBXBuildFile; fileRef = 6A612EF41E9481F80085800C /* MJRefreshAutoGifFooter.m */; };
		6A612F1B1E9481F80085800C /* MJRefreshAutoNormalFooter.m in Sources */ = {isa = PBXBuildFile; fileRef = 6A612EF61E9481F80085800C /* MJRefreshAutoNormalFooter.m */; };
		6A612F1C1E9481F80085800C /* MJRefreshAutoStateFooter.m in Sources */ = {isa = PBXBuildFile; fileRef = 6A612EF81E9481F80085800C /* MJRefreshAutoStateFooter.m */; };
		6A612F1D1E9481F80085800C /* MJRefreshBackGifFooter.m in Sources */ = {isa = PBXBuildFile; fileRef = 6A612EFB1E9481F80085800C /* MJRefreshBackGifFooter.m */; };
		6A612F1E1E9481F80085800C /* MJRefreshBackNormalFooter.m in Sources */ = {isa = PBXBuildFile; fileRef = 6A612EFD1E9481F80085800C /* MJRefreshBackNormalFooter.m */; };
		6A612F1F1E9481F80085800C /* MJRefreshBackStateFooter.m in Sources */ = {isa = PBXBuildFile; fileRef = 6A612EFF1E9481F80085800C /* MJRefreshBackStateFooter.m */; };
		6A612F201E9481F80085800C /* MJRefreshGifHeader.m in Sources */ = {isa = PBXBuildFile; fileRef = 6A612F021E9481F80085800C /* MJRefreshGifHeader.m */; };
		6A612F211E9481F80085800C /* MJRefreshNormalHeader.m in Sources */ = {isa = PBXBuildFile; fileRef = 6A612F041E9481F80085800C /* MJRefreshNormalHeader.m */; };
		6A612F221E9481F80085800C /* MJRefreshStateHeader.m in Sources */ = {isa = PBXBuildFile; fileRef = 6A612F061E9481F80085800C /* MJRefreshStateHeader.m */; };
		6A612F231E9481F80085800C /* MJRefresh.bundle in Resources */ = {isa = PBXBuildFile; fileRef = 6A612F071E9481F80085800C /* MJRefresh.bundle */; };
		6A612F241E9481F80085800C /* MJRefreshConst.m in Sources */ = {isa = PBXBuildFile; fileRef = 6A612F0A1E9481F80085800C /* MJRefreshConst.m */; };
		6A612F251E9481F80085800C /* NSBundle+MJRefresh.m in Sources */ = {isa = PBXBuildFile; fileRef = 6A612F0C1E9481F80085800C /* NSBundle+MJRefresh.m */; };
		6A612F261E9481F80085800C /* UIScrollView+MJExtension.m in Sources */ = {isa = PBXBuildFile; fileRef = 6A612F0E1E9481F80085800C /* UIScrollView+MJExtension.m */; };
		6A612F271E9481F80085800C /* UIScrollView+MJRefresh.m in Sources */ = {isa = PBXBuildFile; fileRef = 6A612F101E9481F80085800C /* UIScrollView+MJRefresh.m */; };
		6A612F281E9481F80085800C /* UIView+MJExtension.m in Sources */ = {isa = PBXBuildFile; fileRef = 6A612F121E9481F80085800C /* UIView+MJExtension.m */; };
		6A612F291E9481F80085800C /* README.md in Sources */ = {isa = PBXBuildFile; fileRef = 6A612F131E9481F80085800C /* README.md */; };
		6A612F521E9482000085800C /* LICENSE in Resources */ = {isa = PBXBuildFile; fileRef = 6A612F2C1E9482000085800C /* LICENSE */; };
		6A612F531E9482000085800C /* README.md in Sources */ = {isa = PBXBuildFile; fileRef = 6A612F2D1E9482000085800C /* README.md */; };
		6A612F541E9482000085800C /* NSData+ImageContentType.m in Sources */ = {isa = PBXBuildFile; fileRef = 6A612F301E9482000085800C /* NSData+ImageContentType.m */; };
		6A612F551E9482000085800C /* NSImage+WebCache.m in Sources */ = {isa = PBXBuildFile; fileRef = 6A612F321E9482000085800C /* NSImage+WebCache.m */; };
		6A612F561E9482000085800C /* SDImageCache.m in Sources */ = {isa = PBXBuildFile; fileRef = 6A612F341E9482000085800C /* SDImageCache.m */; };
		6A612F571E9482000085800C /* SDImageCacheConfig.m in Sources */ = {isa = PBXBuildFile; fileRef = 6A612F361E9482000085800C /* SDImageCacheConfig.m */; };
		6A612F581E9482000085800C /* SDWebImageCompat.m in Sources */ = {isa = PBXBuildFile; fileRef = 6A612F381E9482000085800C /* SDWebImageCompat.m */; };
		6A612F591E9482000085800C /* SDWebImageDecoder.m in Sources */ = {isa = PBXBuildFile; fileRef = 6A612F3A1E9482000085800C /* SDWebImageDecoder.m */; };
		6A612F5A1E9482000085800C /* SDWebImageDownloader.m in Sources */ = {isa = PBXBuildFile; fileRef = 6A612F3C1E9482000085800C /* SDWebImageDownloader.m */; };
		6A612F5B1E9482000085800C /* SDWebImageDownloaderOperation.m in Sources */ = {isa = PBXBuildFile; fileRef = 6A612F3E1E9482000085800C /* SDWebImageDownloaderOperation.m */; };
		6A612F5C1E9482000085800C /* SDWebImageManager.m in Sources */ = {isa = PBXBuildFile; fileRef = 6A612F401E9482000085800C /* SDWebImageManager.m */; };
		6A612F5D1E9482000085800C /* SDWebImagePrefetcher.m in Sources */ = {isa = PBXBuildFile; fileRef = 6A612F431E9482000085800C /* SDWebImagePrefetcher.m */; };
		6A612F5E1E9482000085800C /* UIButton+WebCache.m in Sources */ = {isa = PBXBuildFile; fileRef = 6A612F451E9482000085800C /* UIButton+WebCache.m */; };
		6A612F5F1E9482000085800C /* UIImage+GIF.m in Sources */ = {isa = PBXBuildFile; fileRef = 6A612F471E9482000085800C /* UIImage+GIF.m */; };
		6A612F601E9482000085800C /* UIImage+MultiFormat.m in Sources */ = {isa = PBXBuildFile; fileRef = 6A612F491E9482000085800C /* UIImage+MultiFormat.m */; };
		6A612F611E9482000085800C /* UIImageView+HighlightedWebCache.m in Sources */ = {isa = PBXBuildFile; fileRef = 6A612F4B1E9482000085800C /* UIImageView+HighlightedWebCache.m */; };
		6A612F621E9482000085800C /* UIImageView+WebCache.m in Sources */ = {isa = PBXBuildFile; fileRef = 6A612F4D1E9482000085800C /* UIImageView+WebCache.m */; };
		6A612F631E9482000085800C /* UIView+WebCache.m in Sources */ = {isa = PBXBuildFile; fileRef = 6A612F4F1E9482000085800C /* UIView+WebCache.m */; };
		6A612F641E9482000085800C /* UIView+WebCacheOperation.m in Sources */ = {isa = PBXBuildFile; fileRef = 6A612F511E9482000085800C /* UIView+WebCacheOperation.m */; };
		6A612F6B1E9482060085800C /* LICENSE in Resources */ = {isa = PBXBuildFile; fileRef = 6A612F671E9482060085800C /* LICENSE */; };
		6A612F6C1E9482060085800C /* MBProgressHUD.m in Sources */ = {isa = PBXBuildFile; fileRef = 6A612F691E9482060085800C /* MBProgressHUD.m */; };
		6A612F6D1E9482060085800C /* README.mdown in Sources */ = {isa = PBXBuildFile; fileRef = 6A612F6A1E9482060085800C /* README.mdown */; };
		6A612F851E950CC70085800C /* MJViewController.m in Sources */ = {isa = PBXBuildFile; fileRef = 6A612F841E950CC70085800C /* MJViewController.m */; };
		6A646C6E1EB32E0600D7DB4F /* LMCycleBanner.m in Sources */ = {isa = PBXBuildFile; fileRef = 6A646C6D1EB32E0600D7DB4F /* LMCycleBanner.m */; };
		6A646C8C1EB337AF00D7DB4F /* LICENSE in Resources */ = {isa = PBXBuildFile; fileRef = 6A646C701EB337AF00D7DB4F /* LICENSE */; };
		6A646C8D1EB337AF00D7DB4F /* MASCompositeConstraint.m in Sources */ = {isa = PBXBuildFile; fileRef = 6A646C731EB337AF00D7DB4F /* MASCompositeConstraint.m */; };
		6A646C8E1EB337AF00D7DB4F /* MASConstraint.m in Sources */ = {isa = PBXBuildFile; fileRef = 6A646C761EB337AF00D7DB4F /* MASConstraint.m */; };
		6A646C8F1EB337AF00D7DB4F /* MASConstraintMaker.m in Sources */ = {isa = PBXBuildFile; fileRef = 6A646C781EB337AF00D7DB4F /* MASConstraintMaker.m */; };
		6A646C901EB337AF00D7DB4F /* MASLayoutConstraint.m in Sources */ = {isa = PBXBuildFile; fileRef = 6A646C7A1EB337AF00D7DB4F /* MASLayoutConstraint.m */; };
		6A646C911EB337AF00D7DB4F /* MASViewAttribute.m in Sources */ = {isa = PBXBuildFile; fileRef = 6A646C7E1EB337AF00D7DB4F /* MASViewAttribute.m */; };
		6A646C921EB337AF00D7DB4F /* MASViewConstraint.m in Sources */ = {isa = PBXBuildFile; fileRef = 6A646C801EB337AF00D7DB4F /* MASViewConstraint.m */; };
		6A646C931EB337AF00D7DB4F /* NSArray+MASAdditions.m in Sources */ = {isa = PBXBuildFile; fileRef = 6A646C821EB337AF00D7DB4F /* NSArray+MASAdditions.m */; };
		6A646C941EB337AF00D7DB4F /* NSLayoutConstraint+MASDebugAdditions.m in Sources */ = {isa = PBXBuildFile; fileRef = 6A646C851EB337AF00D7DB4F /* NSLayoutConstraint+MASDebugAdditions.m */; };
		6A646C951EB337AF00D7DB4F /* View+MASAdditions.m in Sources */ = {isa = PBXBuildFile; fileRef = 6A646C871EB337AF00D7DB4F /* View+MASAdditions.m */; };
		6A646C961EB337AF00D7DB4F /* ViewController+MASAdditions.m in Sources */ = {isa = PBXBuildFile; fileRef = 6A646C8A1EB337AF00D7DB4F /* ViewController+MASAdditions.m */; };
		6A646C971EB337AF00D7DB4F /* README.md in Sources */ = {isa = PBXBuildFile; fileRef = 6A646C8B1EB337AF00D7DB4F /* README.md */; };
		6A6993CB1E95EB4F0079E078 /* 效果1.gif in Resources */ = {isa = PBXBuildFile; fileRef = 6A6993CA1E95EB4E0079E078 /* 效果1.gif */; };
		6A838C181E7D1F85008C48C2 /* AFHTTPSessionManager.m in Sources */ = {isa = PBXBuildFile; fileRef = 6A838C0C1E7D1F85008C48C2 /* AFHTTPSessionManager.m */; };
		6A838C191E7D1F85008C48C2 /* AFNetworkReachabilityManager.m in Sources */ = {isa = PBXBuildFile; fileRef = 6A838C0F1E7D1F85008C48C2 /* AFNetworkReachabilityManager.m */; };
		6A838C1A1E7D1F85008C48C2 /* AFSecurityPolicy.m in Sources */ = {isa = PBXBuildFile; fileRef = 6A838C111E7D1F85008C48C2 /* AFSecurityPolicy.m */; };
		6A838C1B1E7D1F85008C48C2 /* AFURLRequestSerialization.m in Sources */ = {isa = PBXBuildFile; fileRef = 6A838C131E7D1F85008C48C2 /* AFURLRequestSerialization.m */; };
		6A838C1C1E7D1F85008C48C2 /* AFURLResponseSerialization.m in Sources */ = {isa = PBXBuildFile; fileRef = 6A838C151E7D1F85008C48C2 /* AFURLResponseSerialization.m */; };
		6A838C1D1E7D1F85008C48C2 /* AFURLSessionManager.m in Sources */ = {isa = PBXBuildFile; fileRef = 6A838C171E7D1F85008C48C2 /* AFURLSessionManager.m */; };
		6A838C201E7D1FC8008C48C2 /* LHMHttpTool.m in Sources */ = {isa = PBXBuildFile; fileRef = 6A838C1F1E7D1FC8008C48C2 /* LHMHttpTool.m */; };
		6A838C231E7D2841008C48C2 /* LHMImagePicker.m in Sources */ = {isa = PBXBuildFile; fileRef = 6A838C221E7D2841008C48C2 /* LHMImagePicker.m */; };
		6A838C2A1E7D2E6E008C48C2 /* UIImage+LHMExtension.m in Sources */ = {isa = PBXBuildFile; fileRef = 6A838C291E7D2E6E008C48C2 /* UIImage+LHMExtension.m */; };
		6A838C2D1E7D2E87008C48C2 /* UIImageView+LHMExtension.m in Sources */ = {isa = PBXBuildFile; fileRef = 6A838C2C1E7D2E87008C48C2 /* UIImageView+LHMExtension.m */; };
		6A838C391E7D2F40008C48C2 /* UIView+LHMExtension.m in Sources */ = {isa = PBXBuildFile; fileRef = 6A838C381E7D2F40008C48C2 /* UIView+LHMExtension.m */; };
/* End PBXBuildFile section */

/* Begin PBXContainerItemProxy section */
		6A15279C1E73876A0058ADF1 /* PBXContainerItemProxy */ = {
			isa = PBXContainerItemProxy;
			containerPortal = 6A15277A1E73876A0058ADF1 /* Project object */;
			proxyType = 1;
			remoteGlobalIDString = 6A1527811E73876A0058ADF1;
			remoteInfo = "各种小功能";
		};
		6A1527A71E73876A0058ADF1 /* PBXContainerItemProxy */ = {
			isa = PBXContainerItemProxy;
			containerPortal = 6A15277A1E73876A0058ADF1 /* Project object */;
			proxyType = 1;
			remoteGlobalIDString = 6A1527811E73876A0058ADF1;
			remoteInfo = "各种小功能";
		};
/* End PBXContainerItemProxy section */

/* Begin PBXFileReference section */
		6A1527821E73876A0058ADF1 /* 各种小功能.app */ = {isa = PBXFileReference; explicitFileType = wrapper.application; includeInIndex = 0; path = "各种小功能.app"; sourceTree = BUILT_PRODUCTS_DIR; };
		6A1527861E73876A0058ADF1 /* main.m */ = {isa = PBXFileReference; lastKnownFileType = sourcecode.c.objc; path = main.m; sourceTree = "<group>"; };
		6A1527881E73876A0058ADF1 /* AppDelegate.h */ = {isa = PBXFileReference; lastKnownFileType = sourcecode.c.h; path = AppDelegate.h; sourceTree = "<group>"; };
		6A1527891E73876A0058ADF1 /* AppDelegate.m */ = {isa = PBXFileReference; lastKnownFileType = sourcecode.c.objc; path = AppDelegate.m; sourceTree = "<group>"; };
		6A15278B1E73876A0058ADF1 /* ViewController.h */ = {isa = PBXFileReference; lastKnownFileType = sourcecode.c.h; path = ViewController.h; sourceTree = "<group>"; };
		6A15278C1E73876A0058ADF1 /* ViewController.m */ = {isa = PBXFileReference; lastKnownFileType = sourcecode.c.objc; path = ViewController.m; sourceTree = "<group>"; };
		6A15278F1E73876A0058ADF1 /* Base */ = {isa = PBXFileReference; lastKnownFileType = file.storyboard; name = Base; path = Base.lproj/Main.storyboard; sourceTree = "<group>"; };
		6A1527911E73876A0058ADF1 /* Assets.xcassets */ = {isa = PBXFileReference; lastKnownFileType = folder.assetcatalog; path = Assets.xcassets; sourceTree = "<group>"; };
		6A1527941E73876A0058ADF1 /* Base */ = {isa = PBXFileReference; lastKnownFileType = file.storyboard; name = Base; path = Base.lproj/LaunchScreen.storyboard; sourceTree = "<group>"; };
		6A1527961E73876A0058ADF1 /* Info.plist */ = {isa = PBXFileReference; lastKnownFileType = text.plist.xml; path = Info.plist; sourceTree = "<group>"; };
		6A15279B1E73876A0058ADF1 /* 各种小功能Tests.xctest */ = {isa = PBXFileReference; explicitFileType = wrapper.cfbundle; includeInIndex = 0; path = "各种小功能Tests.xctest"; sourceTree = BUILT_PRODUCTS_DIR; };
		6A15279F1E73876A0058ADF1 /* _____Tests.m */ = {isa = PBXFileReference; lastKnownFileType = sourcecode.c.objc; path = "_____Tests.m"; sourceTree = "<group>"; };
		6A1527A11E73876A0058ADF1 /* Info.plist */ = {isa = PBXFileReference; lastKnownFileType = text.plist.xml; path = Info.plist; sourceTree = "<group>"; };
		6A1527A61E73876A0058ADF1 /* 各种小功能UITests.xctest */ = {isa = PBXFileReference; explicitFileType = wrapper.cfbundle; includeInIndex = 0; path = "各种小功能UITests.xctest"; sourceTree = BUILT_PRODUCTS_DIR; };
		6A1527AA1E73876A0058ADF1 /* _____UITests.m */ = {isa = PBXFileReference; lastKnownFileType = sourcecode.c.objc; path = "_____UITests.m"; sourceTree = "<group>"; };
		6A1527AC1E73876A0058ADF1 /* Info.plist */ = {isa = PBXFileReference; lastKnownFileType = text.plist.xml; path = Info.plist; sourceTree = "<group>"; };
		6A1527BA1E7388660058ADF1 /* LHMCode.h */ = {isa = PBXFileReference; fileEncoding = 4; lastKnownFileType = sourcecode.c.h; path = LHMCode.h; sourceTree = "<group>"; };
		6A1527BB1E7388660058ADF1 /* LHMCode.m */ = {isa = PBXFileReference; fileEncoding = 4; lastKnownFileType = sourcecode.c.objc; path = LHMCode.m; sourceTree = "<group>"; };
		6A1527BD1E7394490058ADF1 /* MyCodeViewController.h */ = {isa = PBXFileReference; fileEncoding = 4; lastKnownFileType = sourcecode.c.h; path = MyCodeViewController.h; sourceTree = "<group>"; };
		6A1527BE1E7394490058ADF1 /* MyCodeViewController.m */ = {isa = PBXFileReference; fileEncoding = 4; lastKnownFileType = sourcecode.c.objc; path = MyCodeViewController.m; sourceTree = "<group>"; };
		6A1527C01E7395760058ADF1 /* UIImage+RoundedRectImage.h */ = {isa = PBXFileReference; fileEncoding = 4; lastKnownFileType = sourcecode.c.h; path = "UIImage+RoundedRectImage.h"; sourceTree = "<group>"; };
		6A1527C11E7395760058ADF1 /* UIImage+RoundedRectImage.m */ = {isa = PBXFileReference; fileEncoding = 4; lastKnownFileType = sourcecode.c.objc; path = "UIImage+RoundedRectImage.m"; sourceTree = "<group>"; };
		6A1527C31E7398730058ADF1 /* min.jpg */ = {isa = PBXFileReference; lastKnownFileType = image.jpeg; path = min.jpg; sourceTree = "<group>"; };
		6A4E226D1EAE031100BC822A /* LMEditController.h */ = {isa = PBXFileReference; fileEncoding = 4; lastKnownFileType = sourcecode.c.h; path = LMEditController.h; sourceTree = "<group>"; };
		6A4E226E1EAE031100BC822A /* LMEditController.m */ = {isa = PBXFileReference; fileEncoding = 4; lastKnownFileType = sourcecode.c.objc; path = LMEditController.m; sourceTree = "<group>"; };
		6A612EE31E9481F80085800C /* LICENSE */ = {isa = PBXFileReference; fileEncoding = 4; lastKnownFileType = text; path = LICENSE; sourceTree = "<group>"; };
		6A612EE61E9481F80085800C /* MJRefreshAutoFooter.h */ = {isa = PBXFileReference; fileEncoding = 4; lastKnownFileType = sourcecode.c.h; path = MJRefreshAutoFooter.h; sourceTree = "<group>"; };
		6A612EE71E9481F80085800C /* MJRefreshAutoFooter.m */ = {isa = PBXFileReference; fileEncoding = 4; lastKnownFileType = sourcecode.c.objc; path = MJRefreshAutoFooter.m; sourceTree = "<group>"; };
		6A612EE81E9481F80085800C /* MJRefreshBackFooter.h */ = {isa = PBXFileReference; fileEncoding = 4; lastKnownFileType = sourcecode.c.h; path = MJRefreshBackFooter.h; sourceTree = "<group>"; };
		6A612EE91E9481F80085800C /* MJRefreshBackFooter.m */ = {isa = PBXFileReference; fileEncoding = 4; lastKnownFileType = sourcecode.c.objc; path = MJRefreshBackFooter.m; sourceTree = "<group>"; };
		6A612EEA1E9481F80085800C /* MJRefreshComponent.h */ = {isa = PBXFileReference; fileEncoding = 4; lastKnownFileType = sourcecode.c.h; path = MJRefreshComponent.h; sourceTree = "<group>"; };
		6A612EEB1E9481F80085800C /* MJRefreshComponent.m */ = {isa = PBXFileReference; fileEncoding = 4; lastKnownFileType = sourcecode.c.objc; path = MJRefreshComponent.m; sourceTree = "<group>"; };
		6A612EEC1E9481F80085800C /* MJRefreshFooter.h */ = {isa = PBXFileReference; fileEncoding = 4; lastKnownFileType = sourcecode.c.h; path = MJRefreshFooter.h; sourceTree = "<group>"; };
		6A612EED1E9481F80085800C /* MJRefreshFooter.m */ = {isa = PBXFileReference; fileEncoding = 4; lastKnownFileType = sourcecode.c.objc; path = MJRefreshFooter.m; sourceTree = "<group>"; };
		6A612EEE1E9481F80085800C /* MJRefreshHeader.h */ = {isa = PBXFileReference; fileEncoding = 4; lastKnownFileType = sourcecode.c.h; path = MJRefreshHeader.h; sourceTree = "<group>"; };
		6A612EEF1E9481F80085800C /* MJRefreshHeader.m */ = {isa = PBXFileReference; fileEncoding = 4; lastKnownFileType = sourcecode.c.objc; path = MJRefreshHeader.m; sourceTree = "<group>"; };
		6A612EF31E9481F80085800C /* MJRefreshAutoGifFooter.h */ = {isa = PBXFileReference; fileEncoding = 4; lastKnownFileType = sourcecode.c.h; path = MJRefreshAutoGifFooter.h; sourceTree = "<group>"; };
		6A612EF41E9481F80085800C /* MJRefreshAutoGifFooter.m */ = {isa = PBXFileReference; fileEncoding = 4; lastKnownFileType = sourcecode.c.objc; path = MJRefreshAutoGifFooter.m; sourceTree = "<group>"; };
		6A612EF51E9481F80085800C /* MJRefreshAutoNormalFooter.h */ = {isa = PBXFileReference; fileEncoding = 4; lastKnownFileType = sourcecode.c.h; path = MJRefreshAutoNormalFooter.h; sourceTree = "<group>"; };
		6A612EF61E9481F80085800C /* MJRefreshAutoNormalFooter.m */ = {isa = PBXFileReference; fileEncoding = 4; lastKnownFileType = sourcecode.c.objc; path = MJRefreshAutoNormalFooter.m; sourceTree = "<group>"; };
		6A612EF71E9481F80085800C /* MJRefreshAutoStateFooter.h */ = {isa = PBXFileReference; fileEncoding = 4; lastKnownFileType = sourcecode.c.h; path = MJRefreshAutoStateFooter.h; sourceTree = "<group>"; };
		6A612EF81E9481F80085800C /* MJRefreshAutoStateFooter.m */ = {isa = PBXFileReference; fileEncoding = 4; lastKnownFileType = sourcecode.c.objc; path = MJRefreshAutoStateFooter.m; sourceTree = "<group>"; };
		6A612EFA1E9481F80085800C /* MJRefreshBackGifFooter.h */ = {isa = PBXFileReference; fileEncoding = 4; lastKnownFileType = sourcecode.c.h; path = MJRefreshBackGifFooter.h; sourceTree = "<group>"; };
		6A612EFB1E9481F80085800C /* MJRefreshBackGifFooter.m */ = {isa = PBXFileReference; fileEncoding = 4; lastKnownFileType = sourcecode.c.objc; path = MJRefreshBackGifFooter.m; sourceTree = "<group>"; };
		6A612EFC1E9481F80085800C /* MJRefreshBackNormalFooter.h */ = {isa = PBXFileReference; fileEncoding = 4; lastKnownFileType = sourcecode.c.h; path = MJRefreshBackNormalFooter.h; sourceTree = "<group>"; };
		6A612EFD1E9481F80085800C /* MJRefreshBackNormalFooter.m */ = {isa = PBXFileReference; fileEncoding = 4; lastKnownFileType = sourcecode.c.objc; path = MJRefreshBackNormalFooter.m; sourceTree = "<group>"; };
		6A612EFE1E9481F80085800C /* MJRefreshBackStateFooter.h */ = {isa = PBXFileReference; fileEncoding = 4; lastKnownFileType = sourcecode.c.h; path = MJRefreshBackStateFooter.h; sourceTree = "<group>"; };
		6A612EFF1E9481F80085800C /* MJRefreshBackStateFooter.m */ = {isa = PBXFileReference; fileEncoding = 4; lastKnownFileType = sourcecode.c.objc; path = MJRefreshBackStateFooter.m; sourceTree = "<group>"; };
		6A612F011E9481F80085800C /* MJRefreshGifHeader.h */ = {isa = PBXFileReference; fileEncoding = 4; lastKnownFileType = sourcecode.c.h; path = MJRefreshGifHeader.h; sourceTree = "<group>"; };
		6A612F021E9481F80085800C /* MJRefreshGifHeader.m */ = {isa = PBXFileReference; fileEncoding = 4; lastKnownFileType = sourcecode.c.objc; path = MJRefreshGifHeader.m; sourceTree = "<group>"; };
		6A612F031E9481F80085800C /* MJRefreshNormalHeader.h */ = {isa = PBXFileReference; fileEncoding = 4; lastKnownFileType = sourcecode.c.h; path = MJRefreshNormalHeader.h; sourceTree = "<group>"; };
		6A612F041E9481F80085800C /* MJRefreshNormalHeader.m */ = {isa = PBXFileReference; fileEncoding = 4; lastKnownFileType = sourcecode.c.objc; path = MJRefreshNormalHeader.m; sourceTree = "<group>"; };
		6A612F051E9481F80085800C /* MJRefreshStateHeader.h */ = {isa = PBXFileReference; fileEncoding = 4; lastKnownFileType = sourcecode.c.h; path = MJRefreshStateHeader.h; sourceTree = "<group>"; };
		6A612F061E9481F80085800C /* MJRefreshStateHeader.m */ = {isa = PBXFileReference; fileEncoding = 4; lastKnownFileType = sourcecode.c.objc; path = MJRefreshStateHeader.m; sourceTree = "<group>"; };
		6A612F071E9481F80085800C /* MJRefresh.bundle */ = {isa = PBXFileReference; lastKnownFileType = "wrapper.plug-in"; path = MJRefresh.bundle; sourceTree = "<group>"; };
		6A612F081E9481F80085800C /* MJRefresh.h */ = {isa = PBXFileReference; fileEncoding = 4; lastKnownFileType = sourcecode.c.h; path = MJRefresh.h; sourceTree = "<group>"; };
		6A612F091E9481F80085800C /* MJRefreshConst.h */ = {isa = PBXFileReference; fileEncoding = 4; lastKnownFileType = sourcecode.c.h; path = MJRefreshConst.h; sourceTree = "<group>"; };
		6A612F0A1E9481F80085800C /* MJRefreshConst.m */ = {isa = PBXFileReference; fileEncoding = 4; lastKnownFileType = sourcecode.c.objc; path = MJRefreshConst.m; sourceTree = "<group>"; };
		6A612F0B1E9481F80085800C /* NSBundle+MJRefresh.h */ = {isa = PBXFileReference; fileEncoding = 4; lastKnownFileType = sourcecode.c.h; path = "NSBundle+MJRefresh.h"; sourceTree = "<group>"; };
		6A612F0C1E9481F80085800C /* NSBundle+MJRefresh.m */ = {isa = PBXFileReference; fileEncoding = 4; lastKnownFileType = sourcecode.c.objc; path = "NSBundle+MJRefresh.m"; sourceTree = "<group>"; };
		6A612F0D1E9481F80085800C /* UIScrollView+MJExtension.h */ = {isa = PBXFileReference; fileEncoding = 4; lastKnownFileType = sourcecode.c.h; path = "UIScrollView+MJExtension.h"; sourceTree = "<group>"; };
		6A612F0E1E9481F80085800C /* UIScrollView+MJExtension.m */ = {isa = PBXFileReference; fileEncoding = 4; lastKnownFileType = sourcecode.c.objc; path = "UIScrollView+MJExtension.m"; sourceTree = "<group>"; };
		6A612F0F1E9481F80085800C /* UIScrollView+MJRefresh.h */ = {isa = PBXFileReference; fileEncoding = 4; lastKnownFileType = sourcecode.c.h; path = "UIScrollView+MJRefresh.h"; sourceTree = "<group>"; };
		6A612F101E9481F80085800C /* UIScrollView+MJRefresh.m */ = {isa = PBXFileReference; fileEncoding = 4; lastKnownFileType = sourcecode.c.objc; path = "UIScrollView+MJRefresh.m"; sourceTree = "<group>"; };
		6A612F111E9481F80085800C /* UIView+MJExtension.h */ = {isa = PBXFileReference; fileEncoding = 4; lastKnownFileType = sourcecode.c.h; path = "UIView+MJExtension.h"; sourceTree = "<group>"; };
		6A612F121E9481F80085800C /* UIView+MJExtension.m */ = {isa = PBXFileReference; fileEncoding = 4; lastKnownFileType = sourcecode.c.objc; path = "UIView+MJExtension.m"; sourceTree = "<group>"; };
		6A612F131E9481F80085800C /* README.md */ = {isa = PBXFileReference; fileEncoding = 4; lastKnownFileType = net.daringfireball.markdown; path = README.md; sourceTree = "<group>"; };
		6A612F2C1E9482000085800C /* LICENSE */ = {isa = PBXFileReference; fileEncoding = 4; lastKnownFileType = text; path = LICENSE; sourceTree = "<group>"; };
		6A612F2D1E9482000085800C /* README.md */ = {isa = PBXFileReference; fileEncoding = 4; lastKnownFileType = net.daringfireball.markdown; path = README.md; sourceTree = "<group>"; };
		6A612F2F1E9482000085800C /* NSData+ImageContentType.h */ = {isa = PBXFileReference; fileEncoding = 4; lastKnownFileType = sourcecode.c.h; path = "NSData+ImageContentType.h"; sourceTree = "<group>"; };
		6A612F301E9482000085800C /* NSData+ImageContentType.m */ = {isa = PBXFileReference; fileEncoding = 4; lastKnownFileType = sourcecode.c.objc; path = "NSData+ImageContentType.m"; sourceTree = "<group>"; };
		6A612F311E9482000085800C /* NSImage+WebCache.h */ = {isa = PBXFileReference; fileEncoding = 4; lastKnownFileType = sourcecode.c.h; path = "NSImage+WebCache.h"; sourceTree = "<group>"; };
		6A612F321E9482000085800C /* NSImage+WebCache.m */ = {isa = PBXFileReference; fileEncoding = 4; lastKnownFileType = sourcecode.c.objc; path = "NSImage+WebCache.m"; sourceTree = "<group>"; };
		6A612F331E9482000085800C /* SDImageCache.h */ = {isa = PBXFileReference; fileEncoding = 4; lastKnownFileType = sourcecode.c.h; path = SDImageCache.h; sourceTree = "<group>"; };
		6A612F341E9482000085800C /* SDImageCache.m */ = {isa = PBXFileReference; fileEncoding = 4; lastKnownFileType = sourcecode.c.objc; path = SDImageCache.m; sourceTree = "<group>"; };
		6A612F351E9482000085800C /* SDImageCacheConfig.h */ = {isa = PBXFileReference; fileEncoding = 4; lastKnownFileType = sourcecode.c.h; path = SDImageCacheConfig.h; sourceTree = "<group>"; };
		6A612F361E9482000085800C /* SDImageCacheConfig.m */ = {isa = PBXFileReference; fileEncoding = 4; lastKnownFileType = sourcecode.c.objc; path = SDImageCacheConfig.m; sourceTree = "<group>"; };
		6A612F371E9482000085800C /* SDWebImageCompat.h */ = {isa = PBXFileReference; fileEncoding = 4; lastKnownFileType = sourcecode.c.h; path = SDWebImageCompat.h; sourceTree = "<group>"; };
		6A612F381E9482000085800C /* SDWebImageCompat.m */ = {isa = PBXFileReference; fileEncoding = 4; lastKnownFileType = sourcecode.c.objc; path = SDWebImageCompat.m; sourceTree = "<group>"; };
		6A612F391E9482000085800C /* SDWebImageDecoder.h */ = {isa = PBXFileReference; fileEncoding = 4; lastKnownFileType = sourcecode.c.h; path = SDWebImageDecoder.h; sourceTree = "<group>"; };
		6A612F3A1E9482000085800C /* SDWebImageDecoder.m */ = {isa = PBXFileReference; fileEncoding = 4; lastKnownFileType = sourcecode.c.objc; path = SDWebImageDecoder.m; sourceTree = "<group>"; };
		6A612F3B1E9482000085800C /* SDWebImageDownloader.h */ = {isa = PBXFileReference; fileEncoding = 4; lastKnownFileType = sourcecode.c.h; path = SDWebImageDownloader.h; sourceTree = "<group>"; };
		6A612F3C1E9482000085800C /* SDWebImageDownloader.m */ = {isa = PBXFileReference; fileEncoding = 4; lastKnownFileType = sourcecode.c.objc; path = SDWebImageDownloader.m; sourceTree = "<group>"; };
		6A612F3D1E9482000085800C /* SDWebImageDownloaderOperation.h */ = {isa = PBXFileReference; fileEncoding = 4; lastKnownFileType = sourcecode.c.h; path = SDWebImageDownloaderOperation.h; sourceTree = "<group>"; };
		6A612F3E1E9482000085800C /* SDWebImageDownloaderOperation.m */ = {isa = PBXFileReference; fileEncoding = 4; lastKnownFileType = sourcecode.c.objc; path = SDWebImageDownloaderOperation.m; sourceTree = "<group>"; };
		6A612F3F1E9482000085800C /* SDWebImageManager.h */ = {isa = PBXFileReference; fileEncoding = 4; lastKnownFileType = sourcecode.c.h; path = SDWebImageManager.h; sourceTree = "<group>"; };
		6A612F401E9482000085800C /* SDWebImageManager.m */ = {isa = PBXFileReference; fileEncoding = 4; lastKnownFileType = sourcecode.c.objc; path = SDWebImageManager.m; sourceTree = "<group>"; };
		6A612F411E9482000085800C /* SDWebImageOperation.h */ = {isa = PBXFileReference; fileEncoding = 4; lastKnownFileType = sourcecode.c.h; path = SDWebImageOperation.h; sourceTree = "<group>"; };
		6A612F421E9482000085800C /* SDWebImagePrefetcher.h */ = {isa = PBXFileReference; fileEncoding = 4; lastKnownFileType = sourcecode.c.h; path = SDWebImagePrefetcher.h; sourceTree = "<group>"; };
		6A612F431E9482000085800C /* SDWebImagePrefetcher.m */ = {isa = PBXFileReference; fileEncoding = 4; lastKnownFileType = sourcecode.c.objc; path = SDWebImagePrefetcher.m; sourceTree = "<group>"; };
		6A612F441E9482000085800C /* UIButton+WebCache.h */ = {isa = PBXFileReference; fileEncoding = 4; lastKnownFileType = sourcecode.c.h; path = "UIButton+WebCache.h"; sourceTree = "<group>"; };
		6A612F451E9482000085800C /* UIButton+WebCache.m */ = {isa = PBXFileReference; fileEncoding = 4; lastKnownFileType = sourcecode.c.objc; path = "UIButton+WebCache.m"; sourceTree = "<group>"; };
		6A612F461E9482000085800C /* UIImage+GIF.h */ = {isa = PBXFileReference; fileEncoding = 4; lastKnownFileType = sourcecode.c.h; path = "UIImage+GIF.h"; sourceTree = "<group>"; };
		6A612F471E9482000085800C /* UIImage+GIF.m */ = {isa = PBXFileReference; fileEncoding = 4; lastKnownFileType = sourcecode.c.objc; path = "UIImage+GIF.m"; sourceTree = "<group>"; };
		6A612F481E9482000085800C /* UIImage+MultiFormat.h */ = {isa = PBXFileReference; fileEncoding = 4; lastKnownFileType = sourcecode.c.h; path = "UIImage+MultiFormat.h"; sourceTree = "<group>"; };
		6A612F491E9482000085800C /* UIImage+MultiFormat.m */ = {isa = PBXFileReference; fileEncoding = 4; lastKnownFileType = sourcecode.c.objc; path = "UIImage+MultiFormat.m"; sourceTree = "<group>"; };
		6A612F4A1E9482000085800C /* UIImageView+HighlightedWebCache.h */ = {isa = PBXFileReference; fileEncoding = 4; lastKnownFileType = sourcecode.c.h; path = "UIImageView+HighlightedWebCache.h"; sourceTree = "<group>"; };
		6A612F4B1E9482000085800C /* UIImageView+HighlightedWebCache.m */ = {isa = PBXFileReference; fileEncoding = 4; lastKnownFileType = sourcecode.c.objc; path = "UIImageView+HighlightedWebCache.m"; sourceTree = "<group>"; };
		6A612F4C1E9482000085800C /* UIImageView+WebCache.h */ = {isa = PBXFileReference; fileEncoding = 4; lastKnownFileType = sourcecode.c.h; path = "UIImageView+WebCache.h"; sourceTree = "<group>"; };
		6A612F4D1E9482000085800C /* UIImageView+WebCache.m */ = {isa = PBXFileReference; fileEncoding = 4; lastKnownFileType = sourcecode.c.objc; path = "UIImageView+WebCache.m"; sourceTree = "<group>"; };
		6A612F4E1E9482000085800C /* UIView+WebCache.h */ = {isa = PBXFileReference; fileEncoding = 4; lastKnownFileType = sourcecode.c.h; path = "UIView+WebCache.h"; sourceTree = "<group>"; };
		6A612F4F1E9482000085800C /* UIView+WebCache.m */ = {isa = PBXFileReference; fileEncoding = 4; lastKnownFileType = sourcecode.c.objc; path = "UIView+WebCache.m"; sourceTree = "<group>"; };
		6A612F501E9482000085800C /* UIView+WebCacheOperation.h */ = {isa = PBXFileReference; fileEncoding = 4; lastKnownFileType = sourcecode.c.h; path = "UIView+WebCacheOperation.h"; sourceTree = "<group>"; };
		6A612F511E9482000085800C /* UIView+WebCacheOperation.m */ = {isa = PBXFileReference; fileEncoding = 4; lastKnownFileType = sourcecode.c.objc; path = "UIView+WebCacheOperation.m"; sourceTree = "<group>"; };
		6A612F671E9482060085800C /* LICENSE */ = {isa = PBXFileReference; fileEncoding = 4; lastKnownFileType = text; path = LICENSE; sourceTree = "<group>"; };
		6A612F681E9482060085800C /* MBProgressHUD.h */ = {isa = PBXFileReference; fileEncoding = 4; lastKnownFileType = sourcecode.c.h; path = MBProgressHUD.h; sourceTree = "<group>"; };
		6A612F691E9482060085800C /* MBProgressHUD.m */ = {isa = PBXFileReference; fileEncoding = 4; lastKnownFileType = sourcecode.c.objc; path = MBProgressHUD.m; sourceTree = "<group>"; };
		6A612F6A1E9482060085800C /* README.mdown */ = {isa = PBXFileReference; fileEncoding = 4; lastKnownFileType = net.daringfireball.markdown; path = README.mdown; sourceTree = "<group>"; };
		6A612F831E950CC70085800C /* MJViewController.h */ = {isa = PBXFileReference; fileEncoding = 4; lastKnownFileType = sourcecode.c.h; path = MJViewController.h; sourceTree = "<group>"; };
		6A612F841E950CC70085800C /* MJViewController.m */ = {isa = PBXFileReference; fileEncoding = 4; lastKnownFileType = sourcecode.c.objc; path = MJViewController.m; sourceTree = "<group>"; };
		6A646C6C1EB32E0600D7DB4F /* LMCycleBanner.h */ = {isa = PBXFileReference; fileEncoding = 4; lastKnownFileType = sourcecode.c.h; path = LMCycleBanner.h; sourceTree = "<group>"; };
		6A646C6D1EB32E0600D7DB4F /* LMCycleBanner.m */ = {isa = PBXFileReference; fileEncoding = 4; lastKnownFileType = sourcecode.c.objc; path = LMCycleBanner.m; sourceTree = "<group>"; };
		6A646C701EB337AF00D7DB4F /* LICENSE */ = {isa = PBXFileReference; fileEncoding = 4; lastKnownFileType = text; path = LICENSE; sourceTree = "<group>"; };
		6A646C721EB337AF00D7DB4F /* MASCompositeConstraint.h */ = {isa = PBXFileReference; fileEncoding = 4; lastKnownFileType = sourcecode.c.h; path = MASCompositeConstraint.h; sourceTree = "<group>"; };
		6A646C731EB337AF00D7DB4F /* MASCompositeConstraint.m */ = {isa = PBXFileReference; fileEncoding = 4; lastKnownFileType = sourcecode.c.objc; path = MASCompositeConstraint.m; sourceTree = "<group>"; };
		6A646C741EB337AF00D7DB4F /* MASConstraint+Private.h */ = {isa = PBXFileReference; fileEncoding = 4; lastKnownFileType = sourcecode.c.h; path = "MASConstraint+Private.h"; sourceTree = "<group>"; };
		6A646C751EB337AF00D7DB4F /* MASConstraint.h */ = {isa = PBXFileReference; fileEncoding = 4; lastKnownFileType = sourcecode.c.h; path = MASConstraint.h; sourceTree = "<group>"; };
		6A646C761EB337AF00D7DB4F /* MASConstraint.m */ = {isa = PBXFileReference; fileEncoding = 4; lastKnownFileType = sourcecode.c.objc; path = MASConstraint.m; sourceTree = "<group>"; };
		6A646C771EB337AF00D7DB4F /* MASConstraintMaker.h */ = {isa = PBXFileReference; fileEncoding = 4; lastKnownFileType = sourcecode.c.h; path = MASConstraintMaker.h; sourceTree = "<group>"; };
		6A646C781EB337AF00D7DB4F /* MASConstraintMaker.m */ = {isa = PBXFileReference; fileEncoding = 4; lastKnownFileType = sourcecode.c.objc; path = MASConstraintMaker.m; sourceTree = "<group>"; };
		6A646C791EB337AF00D7DB4F /* MASLayoutConstraint.h */ = {isa = PBXFileReference; fileEncoding = 4; lastKnownFileType = sourcecode.c.h; path = MASLayoutConstraint.h; sourceTree = "<group>"; };
		6A646C7A1EB337AF00D7DB4F /* MASLayoutConstraint.m */ = {isa = PBXFileReference; fileEncoding = 4; lastKnownFileType = sourcecode.c.objc; path = MASLayoutConstraint.m; sourceTree = "<group>"; };
		6A646C7B1EB337AF00D7DB4F /* Masonry.h */ = {isa = PBXFileReference; fileEncoding = 4; lastKnownFileType = sourcecode.c.h; path = Masonry.h; sourceTree = "<group>"; };
		6A646C7C1EB337AF00D7DB4F /* MASUtilities.h */ = {isa = PBXFileReference; fileEncoding = 4; lastKnownFileType = sourcecode.c.h; path = MASUtilities.h; sourceTree = "<group>"; };
		6A646C7D1EB337AF00D7DB4F /* MASViewAttribute.h */ = {isa = PBXFileReference; fileEncoding = 4; lastKnownFileType = sourcecode.c.h; path = MASViewAttribute.h; sourceTree = "<group>"; };
		6A646C7E1EB337AF00D7DB4F /* MASViewAttribute.m */ = {isa = PBXFileReference; fileEncoding = 4; lastKnownFileType = sourcecode.c.objc; path = MASViewAttribute.m; sourceTree = "<group>"; };
		6A646C7F1EB337AF00D7DB4F /* MASViewConstraint.h */ = {isa = PBXFileReference; fileEncoding = 4; lastKnownFileType = sourcecode.c.h; path = MASViewConstraint.h; sourceTree = "<group>"; };
		6A646C801EB337AF00D7DB4F /* MASViewConstraint.m */ = {isa = PBXFileReference; fileEncoding = 4; lastKnownFileType = sourcecode.c.objc; path = MASViewConstraint.m; sourceTree = "<group>"; };
		6A646C811EB337AF00D7DB4F /* NSArray+MASAdditions.h */ = {isa = PBXFileReference; fileEncoding = 4; lastKnownFileType = sourcecode.c.h; path = "NSArray+MASAdditions.h"; sourceTree = "<group>"; };
		6A646C821EB337AF00D7DB4F /* NSArray+MASAdditions.m */ = {isa = PBXFileReference; fileEncoding = 4; lastKnownFileType = sourcecode.c.objc; path = "NSArray+MASAdditions.m"; sourceTree = "<group>"; };
		6A646C831EB337AF00D7DB4F /* NSArray+MASShorthandAdditions.h */ = {isa = PBXFileReference; fileEncoding = 4; lastKnownFileType = sourcecode.c.h; path = "NSArray+MASShorthandAdditions.h"; sourceTree = "<group>"; };
		6A646C841EB337AF00D7DB4F /* NSLayoutConstraint+MASDebugAdditions.h */ = {isa = PBXFileReference; fileEncoding = 4; lastKnownFileType = sourcecode.c.h; path = "NSLayoutConstraint+MASDebugAdditions.h"; sourceTree = "<group>"; };
		6A646C851EB337AF00D7DB4F /* NSLayoutConstraint+MASDebugAdditions.m */ = {isa = PBXFileReference; fileEncoding = 4; lastKnownFileType = sourcecode.c.objc; path = "NSLayoutConstraint+MASDebugAdditions.m"; sourceTree = "<group>"; };
		6A646C861EB337AF00D7DB4F /* View+MASAdditions.h */ = {isa = PBXFileReference; fileEncoding = 4; lastKnownFileType = sourcecode.c.h; path = "View+MASAdditions.h"; sourceTree = "<group>"; };
		6A646C871EB337AF00D7DB4F /* View+MASAdditions.m */ = {isa = PBXFileReference; fileEncoding = 4; lastKnownFileType = sourcecode.c.objc; path = "View+MASAdditions.m"; sourceTree = "<group>"; };
		6A646C881EB337AF00D7DB4F /* View+MASShorthandAdditions.h */ = {isa = PBXFileReference; fileEncoding = 4; lastKnownFileType = sourcecode.c.h; path = "View+MASShorthandAdditions.h"; sourceTree = "<group>"; };
		6A646C891EB337AF00D7DB4F /* ViewController+MASAdditions.h */ = {isa = PBXFileReference; fileEncoding = 4; lastKnownFileType = sourcecode.c.h; path = "ViewController+MASAdditions.h"; sourceTree = "<group>"; };
		6A646C8A1EB337AF00D7DB4F /* ViewController+MASAdditions.m */ = {isa = PBXFileReference; fileEncoding = 4; lastKnownFileType = sourcecode.c.objc; path = "ViewController+MASAdditions.m"; sourceTree = "<group>"; };
		6A646C8B1EB337AF00D7DB4F /* README.md */ = {isa = PBXFileReference; fileEncoding = 4; lastKnownFileType = net.daringfireball.markdown; path = README.md; sourceTree = "<group>"; };
		6A6993CA1E95EB4E0079E078 /* 效果1.gif */ = {isa = PBXFileReference; lastKnownFileType = image.gif; path = "效果1.gif"; sourceTree = "<group>"; };
		6A838C0B1E7D1F85008C48C2 /* AFHTTPSessionManager.h */ = {isa = PBXFileReference; fileEncoding = 4; lastKnownFileType = sourcecode.c.h; path = AFHTTPSessionManager.h; sourceTree = "<group>"; };
		6A838C0C1E7D1F85008C48C2 /* AFHTTPSessionManager.m */ = {isa = PBXFileReference; fileEncoding = 4; lastKnownFileType = sourcecode.c.objc; path = AFHTTPSessionManager.m; sourceTree = "<group>"; };
		6A838C0D1E7D1F85008C48C2 /* AFNetworking.h */ = {isa = PBXFileReference; fileEncoding = 4; lastKnownFileType = sourcecode.c.h; path = AFNetworking.h; sourceTree = "<group>"; };
		6A838C0E1E7D1F85008C48C2 /* AFNetworkReachabilityManager.h */ = {isa = PBXFileReference; fileEncoding = 4; lastKnownFileType = sourcecode.c.h; path = AFNetworkReachabilityManager.h; sourceTree = "<group>"; };
		6A838C0F1E7D1F85008C48C2 /* AFNetworkReachabilityManager.m */ = {isa = PBXFileReference; fileEncoding = 4; lastKnownFileType = sourcecode.c.objc; path = AFNetworkReachabilityManager.m; sourceTree = "<group>"; };
		6A838C101E7D1F85008C48C2 /* AFSecurityPolicy.h */ = {isa = PBXFileReference; fileEncoding = 4; lastKnownFileType = sourcecode.c.h; path = AFSecurityPolicy.h; sourceTree = "<group>"; };
		6A838C111E7D1F85008C48C2 /* AFSecurityPolicy.m */ = {isa = PBXFileReference; fileEncoding = 4; lastKnownFileType = sourcecode.c.objc; path = AFSecurityPolicy.m; sourceTree = "<group>"; };
		6A838C121E7D1F85008C48C2 /* AFURLRequestSerialization.h */ = {isa = PBXFileReference; fileEncoding = 4; lastKnownFileType = sourcecode.c.h; path = AFURLRequestSerialization.h; sourceTree = "<group>"; };
		6A838C131E7D1F85008C48C2 /* AFURLRequestSerialization.m */ = {isa = PBXFileReference; fileEncoding = 4; lastKnownFileType = sourcecode.c.objc; path = AFURLRequestSerialization.m; sourceTree = "<group>"; };
		6A838C141E7D1F85008C48C2 /* AFURLResponseSerialization.h */ = {isa = PBXFileReference; fileEncoding = 4; lastKnownFileType = sourcecode.c.h; path = AFURLResponseSerialization.h; sourceTree = "<group>"; };
		6A838C151E7D1F85008C48C2 /* AFURLResponseSerialization.m */ = {isa = PBXFileReference; fileEncoding = 4; lastKnownFileType = sourcecode.c.objc; path = AFURLResponseSerialization.m; sourceTree = "<group>"; };
		6A838C161E7D1F85008C48C2 /* AFURLSessionManager.h */ = {isa = PBXFileReference; fileEncoding = 4; lastKnownFileType = sourcecode.c.h; path = AFURLSessionManager.h; sourceTree = "<group>"; };
		6A838C171E7D1F85008C48C2 /* AFURLSessionManager.m */ = {isa = PBXFileReference; fileEncoding = 4; lastKnownFileType = sourcecode.c.objc; path = AFURLSessionManager.m; sourceTree = "<group>"; };
		6A838C1E1E7D1FC8008C48C2 /* LHMHttpTool.h */ = {isa = PBXFileReference; fileEncoding = 4; lastKnownFileType = sourcecode.c.h; name = LHMHttpTool.h; path = Libs/LHMHttpTool.h; sourceTree = "<group>"; };
		6A838C1F1E7D1FC8008C48C2 /* LHMHttpTool.m */ = {isa = PBXFileReference; fileEncoding = 4; lastKnownFileType = sourcecode.c.objc; name = LHMHttpTool.m; path = Libs/LHMHttpTool.m; sourceTree = "<group>"; };
		6A838C211E7D2841008C48C2 /* LHMImagePicker.h */ = {isa = PBXFileReference; fileEncoding = 4; lastKnownFileType = sourcecode.c.h; path = LHMImagePicker.h; sourceTree = "<group>"; };
		6A838C221E7D2841008C48C2 /* LHMImagePicker.m */ = {isa = PBXFileReference; fileEncoding = 4; lastKnownFileType = sourcecode.c.objc; path = LHMImagePicker.m; sourceTree = "<group>"; };
		6A838C281E7D2E6E008C48C2 /* UIImage+LHMExtension.h */ = {isa = PBXFileReference; fileEncoding = 4; lastKnownFileType = sourcecode.c.h; path = "UIImage+LHMExtension.h"; sourceTree = "<group>"; };
		6A838C291E7D2E6E008C48C2 /* UIImage+LHMExtension.m */ = {isa = PBXFileReference; fileEncoding = 4; lastKnownFileType = sourcecode.c.objc; path = "UIImage+LHMExtension.m"; sourceTree = "<group>"; };
		6A838C2B1E7D2E87008C48C2 /* UIImageView+LHMExtension.h */ = {isa = PBXFileReference; fileEncoding = 4; lastKnownFileType = sourcecode.c.h; path = "UIImageView+LHMExtension.h"; sourceTree = "<group>"; };
		6A838C2C1E7D2E87008C48C2 /* UIImageView+LHMExtension.m */ = {isa = PBXFileReference; fileEncoding = 4; lastKnownFileType = sourcecode.c.objc; path = "UIImageView+LHMExtension.m"; sourceTree = "<group>"; };
		6A838C371E7D2F40008C48C2 /* UIView+LHMExtension.h */ = {isa = PBXFileReference; fileEncoding = 4; lastKnownFileType = sourcecode.c.h; path = "UIView+LHMExtension.h"; sourceTree = "<group>"; };
		6A838C381E7D2F40008C48C2 /* UIView+LHMExtension.m */ = {isa = PBXFileReference; fileEncoding = 4; lastKnownFileType = sourcecode.c.objc; path = "UIView+LHMExtension.m"; sourceTree = "<group>"; };
/* End PBXFileReference section */

/* Begin PBXFrameworksBuildPhase section */
		6A15277F1E73876A0058ADF1 /* Frameworks */ = {
			isa = PBXFrameworksBuildPhase;
			buildActionMask = 2147483647;
			files = (
			);
			runOnlyForDeploymentPostprocessing = 0;
		};
		6A1527981E73876A0058ADF1 /* Frameworks */ = {
			isa = PBXFrameworksBuildPhase;
			buildActionMask = 2147483647;
			files = (
			);
			runOnlyForDeploymentPostprocessing = 0;
		};
		6A1527A31E73876A0058ADF1 /* Frameworks */ = {
			isa = PBXFrameworksBuildPhase;
			buildActionMask = 2147483647;
			files = (
			);
			runOnlyForDeploymentPostprocessing = 0;
		};
/* End PBXFrameworksBuildPhase section */

/* Begin PBXGroup section */
		6A1527791E73876A0058ADF1 = {
			isa = PBXGroup;
			children = (
				6A1527841E73876A0058ADF1 /* 各种小功能 */,
				6A15279E1E73876A0058ADF1 /* 各种小功能Tests */,
				6A1527A91E73876A0058ADF1 /* 各种小功能UITests */,
				6A1527831E73876A0058ADF1 /* Products */,
			);
			sourceTree = "<group>";
		};
		6A1527831E73876A0058ADF1 /* Products */ = {
			isa = PBXGroup;
			children = (
				6A1527821E73876A0058ADF1 /* 各种小功能.app */,
				6A15279B1E73876A0058ADF1 /* 各种小功能Tests.xctest */,
				6A1527A61E73876A0058ADF1 /* 各种小功能UITests.xctest */,
			);
			name = Products;
			sourceTree = "<group>";
		};
		6A1527841E73876A0058ADF1 /* 各种小功能 */ = {
			isa = PBXGroup;
			children = (
				6A6993CA1E95EB4E0079E078 /* 效果1.gif */,
				6A1527C31E7398730058ADF1 /* min.jpg */,
				6A646C6F1EB337AF00D7DB4F /* Masonry */,
				6A612F651E9482060085800C /* MBProgress */,
				6A612F2A1E9482000085800C /* SDWebImage */,
				6A612EE11E9481F80085800C /* MJRefresh */,
				6A838C241E7D2E44008C48C2 /* 各种Extension */,
				6A838C251E7D2E44008C48C2 /* 滚动视图 */,
				6A838C261E7D2E44008C48C2 /* 会员信息存储 */,
				6A838C271E7D2E44008C48C2 /* 加密 */,
				6A838C081E7D1F31008C48C2 /* 网络请求的封装 */,
				6A1527B91E7387B70058ADF1 /* 二维码 */,
				6A1527B81E7387AC0058ADF1 /* 图片选取 */,
				6A1527881E73876A0058ADF1 /* AppDelegate.h */,
				6A1527891E73876A0058ADF1 /* AppDelegate.m */,
				6A15278B1E73876A0058ADF1 /* ViewController.h */,
				6A15278C1E73876A0058ADF1 /* ViewController.m */,
				6A15278E1E73876A0058ADF1 /* Main.storyboard */,
				6A1527911E73876A0058ADF1 /* Assets.xcassets */,
				6A1527931E73876A0058ADF1 /* LaunchScreen.storyboard */,
				6A1527961E73876A0058ADF1 /* Info.plist */,
				6A1527851E73876A0058ADF1 /* Supporting Files */,
			);
			path = "各种小功能";
			sourceTree = "<group>";
		};
		6A1527851E73876A0058ADF1 /* Supporting Files */ = {
			isa = PBXGroup;
			children = (
				6A1527861E73876A0058ADF1 /* main.m */,
			);
			name = "Supporting Files";
			sourceTree = "<group>";
		};
		6A15279E1E73876A0058ADF1 /* 各种小功能Tests */ = {
			isa = PBXGroup;
			children = (
				6A15279F1E73876A0058ADF1 /* _____Tests.m */,
				6A1527A11E73876A0058ADF1 /* Info.plist */,
			);
			path = "各种小功能Tests";
			sourceTree = "<group>";
		};
		6A1527A91E73876A0058ADF1 /* 各种小功能UITests */ = {
			isa = PBXGroup;
			children = (
				6A1527AA1E73876A0058ADF1 /* _____UITests.m */,
				6A1527AC1E73876A0058ADF1 /* Info.plist */,
			);
			path = "各种小功能UITests";
			sourceTree = "<group>";
		};
		6A1527B81E7387AC0058ADF1 /* 图片选取 */ = {
			isa = PBXGroup;
			children = (
				6A838C211E7D2841008C48C2 /* LHMImagePicker.h */,
				6A838C221E7D2841008C48C2 /* LHMImagePicker.m */,
				6A4E226D1EAE031100BC822A /* LMEditController.h */,
				6A4E226E1EAE031100BC822A /* LMEditController.m */,
			);
			path = "图片选取";
			sourceTree = "<group>";
		};
		6A1527B91E7387B70058ADF1 /* 二维码 */ = {
			isa = PBXGroup;
			children = (
				6A1527BA1E7388660058ADF1 /* LHMCode.h */,
				6A1527BB1E7388660058ADF1 /* LHMCode.m */,
				6A1527C01E7395760058ADF1 /* UIImage+RoundedRectImage.h */,
				6A1527C11E7395760058ADF1 /* UIImage+RoundedRectImage.m */,
				6A1527BD1E7394490058ADF1 /* MyCodeViewController.h */,
				6A1527BE1E7394490058ADF1 /* MyCodeViewController.m */,
			);
			path = "二维码";
			sourceTree = "<group>";
		};
		6A612EE11E9481F80085800C /* MJRefresh */ = {
			isa = PBXGroup;
			children = (
				6A612F711E94ECB10085800C /* controller */,
				6A612F721E94ECB10085800C /* Libs */,
				6A612F731E94ECB10085800C /* View */,
				6A612EE21E9481F80085800C /* MJRefresh */,
			);
			path = MJRefresh;
			sourceTree = "<group>";
		};
		6A612EE21E9481F80085800C /* MJRefresh */ = {
			isa = PBXGroup;
			children = (
				6A612EE31E9481F80085800C /* LICENSE */,
				6A612EE41E9481F80085800C /* MJRefresh */,
				6A612F131E9481F80085800C /* README.md */,
			);
			path = MJRefresh;
			sourceTree = "<group>";
		};
		6A612EE41E9481F80085800C /* MJRefresh */ = {
			isa = PBXGroup;
			children = (
				6A612EE51E9481F80085800C /* Base */,
				6A612EF01E9481F80085800C /* Custom */,
				6A612F071E9481F80085800C /* MJRefresh.bundle */,
				6A612F081E9481F80085800C /* MJRefresh.h */,
				6A612F091E9481F80085800C /* MJRefreshConst.h */,
				6A612F0A1E9481F80085800C /* MJRefreshConst.m */,
				6A612F0B1E9481F80085800C /* NSBundle+MJRefresh.h */,
				6A612F0C1E9481F80085800C /* NSBundle+MJRefresh.m */,
				6A612F0D1E9481F80085800C /* UIScrollView+MJExtension.h */,
				6A612F0E1E9481F80085800C /* UIScrollView+MJExtension.m */,
				6A612F0F1E9481F80085800C /* UIScrollView+MJRefresh.h */,
				6A612F101E9481F80085800C /* UIScrollView+MJRefresh.m */,
				6A612F111E9481F80085800C /* UIView+MJExtension.h */,
				6A612F121E9481F80085800C /* UIView+MJExtension.m */,
			);
			path = MJRefresh;
			sourceTree = "<group>";
		};
		6A612EE51E9481F80085800C /* Base */ = {
			isa = PBXGroup;
			children = (
				6A612EE61E9481F80085800C /* MJRefreshAutoFooter.h */,
				6A612EE71E9481F80085800C /* MJRefreshAutoFooter.m */,
				6A612EE81E9481F80085800C /* MJRefreshBackFooter.h */,
				6A612EE91E9481F80085800C /* MJRefreshBackFooter.m */,
				6A612EEA1E9481F80085800C /* MJRefreshComponent.h */,
				6A612EEB1E9481F80085800C /* MJRefreshComponent.m */,
				6A612EEC1E9481F80085800C /* MJRefreshFooter.h */,
				6A612EED1E9481F80085800C /* MJRefreshFooter.m */,
				6A612EEE1E9481F80085800C /* MJRefreshHeader.h */,
				6A612EEF1E9481F80085800C /* MJRefreshHeader.m */,
			);
			path = Base;
			sourceTree = "<group>";
		};
		6A612EF01E9481F80085800C /* Custom */ = {
			isa = PBXGroup;
			children = (
				6A612EF11E9481F80085800C /* Footer */,
				6A612F001E9481F80085800C /* Header */,
			);
			path = Custom;
			sourceTree = "<group>";
		};
		6A612EF11E9481F80085800C /* Footer */ = {
			isa = PBXGroup;
			children = (
				6A612EF21E9481F80085800C /* Auto */,
				6A612EF91E9481F80085800C /* Back */,
			);
			path = Footer;
			sourceTree = "<group>";
		};
		6A612EF21E9481F80085800C /* Auto */ = {
			isa = PBXGroup;
			children = (
				6A612EF31E9481F80085800C /* MJRefreshAutoGifFooter.h */,
				6A612EF41E9481F80085800C /* MJRefreshAutoGifFooter.m */,
				6A612EF51E9481F80085800C /* MJRefreshAutoNormalFooter.h */,
				6A612EF61E9481F80085800C /* MJRefreshAutoNormalFooter.m */,
				6A612EF71E9481F80085800C /* MJRefreshAutoStateFooter.h */,
				6A612EF81E9481F80085800C /* MJRefreshAutoStateFooter.m */,
			);
			path = Auto;
			sourceTree = "<group>";
		};
		6A612EF91E9481F80085800C /* Back */ = {
			isa = PBXGroup;
			children = (
				6A612EFA1E9481F80085800C /* MJRefreshBackGifFooter.h */,
				6A612EFB1E9481F80085800C /* MJRefreshBackGifFooter.m */,
				6A612EFC1E9481F80085800C /* MJRefreshBackNormalFooter.h */,
				6A612EFD1E9481F80085800C /* MJRefreshBackNormalFooter.m */,
				6A612EFE1E9481F80085800C /* MJRefreshBackStateFooter.h */,
				6A612EFF1E9481F80085800C /* MJRefreshBackStateFooter.m */,
			);
			path = Back;
			sourceTree = "<group>";
		};
		6A612F001E9481F80085800C /* Header */ = {
			isa = PBXGroup;
			children = (
				6A612F011E9481F80085800C /* MJRefreshGifHeader.h */,
				6A612F021E9481F80085800C /* MJRefreshGifHeader.m */,
				6A612F031E9481F80085800C /* MJRefreshNormalHeader.h */,
				6A612F041E9481F80085800C /* MJRefreshNormalHeader.m */,
				6A612F051E9481F80085800C /* MJRefreshStateHeader.h */,
				6A612F061E9481F80085800C /* MJRefreshStateHeader.m */,
			);
			path = Header;
			sourceTree = "<group>";
		};
		6A612F2A1E9482000085800C /* SDWebImage */ = {
			isa = PBXGroup;
			children = (
				6A612F771E94ECE60085800C /* controller */,
				6A612F781E94ECE60085800C /* Libs */,
				6A612F791E94ECE60085800C /* View */,
				6A612F2B1E9482000085800C /* SDWebImage */,
			);
			path = SDWebImage;
			sourceTree = "<group>";
		};
		6A612F2B1E9482000085800C /* SDWebImage */ = {
			isa = PBXGroup;
			children = (
				6A612F2C1E9482000085800C /* LICENSE */,
				6A612F2D1E9482000085800C /* README.md */,
				6A612F2E1E9482000085800C /* SDWebImage */,
			);
			path = SDWebImage;
			sourceTree = "<group>";
		};
		6A612F2E1E9482000085800C /* SDWebImage */ = {
			isa = PBXGroup;
			children = (
				6A612F2F1E9482000085800C /* NSData+ImageContentType.h */,
				6A612F301E9482000085800C /* NSData+ImageContentType.m */,
				6A612F311E9482000085800C /* NSImage+WebCache.h */,
				6A612F321E9482000085800C /* NSImage+WebCache.m */,
				6A612F331E9482000085800C /* SDImageCache.h */,
				6A612F341E9482000085800C /* SDImageCache.m */,
				6A612F351E9482000085800C /* SDImageCacheConfig.h */,
				6A612F361E9482000085800C /* SDImageCacheConfig.m */,
				6A612F371E9482000085800C /* SDWebImageCompat.h */,
				6A612F381E9482000085800C /* SDWebImageCompat.m */,
				6A612F391E9482000085800C /* SDWebImageDecoder.h */,
				6A612F3A1E9482000085800C /* SDWebImageDecoder.m */,
				6A612F3B1E9482000085800C /* SDWebImageDownloader.h */,
				6A612F3C1E9482000085800C /* SDWebImageDownloader.m */,
				6A612F3D1E9482000085800C /* SDWebImageDownloaderOperation.h */,
				6A612F3E1E9482000085800C /* SDWebImageDownloaderOperation.m */,
				6A612F3F1E9482000085800C /* SDWebImageManager.h */,
				6A612F401E9482000085800C /* SDWebImageManager.m */,
				6A612F411E9482000085800C /* SDWebImageOperation.h */,
				6A612F421E9482000085800C /* SDWebImagePrefetcher.h */,
				6A612F431E9482000085800C /* SDWebImagePrefetcher.m */,
				6A612F441E9482000085800C /* UIButton+WebCache.h */,
				6A612F451E9482000085800C /* UIButton+WebCache.m */,
				6A612F461E9482000085800C /* UIImage+GIF.h */,
				6A612F471E9482000085800C /* UIImage+GIF.m */,
				6A612F481E9482000085800C /* UIImage+MultiFormat.h */,
				6A612F491E9482000085800C /* UIImage+MultiFormat.m */,
				6A612F4A1E9482000085800C /* UIImageView+HighlightedWebCache.h */,
				6A612F4B1E9482000085800C /* UIImageView+HighlightedWebCache.m */,
				6A612F4C1E9482000085800C /* UIImageView+WebCache.h */,
				6A612F4D1E9482000085800C /* UIImageView+WebCache.m */,
				6A612F4E1E9482000085800C /* UIView+WebCache.h */,
				6A612F4F1E9482000085800C /* UIView+WebCache.m */,
				6A612F501E9482000085800C /* UIView+WebCacheOperation.h */,
				6A612F511E9482000085800C /* UIView+WebCacheOperation.m */,
			);
			path = SDWebImage;
			sourceTree = "<group>";
		};
		6A612F651E9482060085800C /* MBProgress */ = {
			isa = PBXGroup;
			children = (
				6A612F741E94ECCB0085800C /* controller */,
				6A612F751E94ECCB0085800C /* Libs */,
				6A612F761E94ECCB0085800C /* View */,
				6A612F661E9482060085800C /* MBProgressHUD */,
			);
			path = MBProgress;
			sourceTree = "<group>";
		};
		6A612F661E9482060085800C /* MBProgressHUD */ = {
			isa = PBXGroup;
			children = (
				6A612F671E9482060085800C /* LICENSE */,
				6A612F681E9482060085800C /* MBProgressHUD.h */,
				6A612F691E9482060085800C /* MBProgressHUD.m */,
				6A612F6A1E9482060085800C /* README.mdown */,
			);
			path = MBProgressHUD;
			sourceTree = "<group>";
		};
		6A612F711E94ECB10085800C /* controller */ = {
			isa = PBXGroup;
			children = (
				6A612F831E950CC70085800C /* MJViewController.h */,
				6A612F841E950CC70085800C /* MJViewController.m */,
			);
			path = controller;
			sourceTree = "<group>";
		};
		6A612F721E94ECB10085800C /* Libs */ = {
			isa = PBXGroup;
			children = (
			);
			path = Libs;
			sourceTree = "<group>";
		};
		6A612F731E94ECB10085800C /* View */ = {
			isa = PBXGroup;
			children = (
			);
			path = View;
			sourceTree = "<group>";
		};
		6A612F741E94ECCB0085800C /* controller */ = {
			isa = PBXGroup;
			children = (
			);
			path = controller;
			sourceTree = "<group>";
		};
		6A612F751E94ECCB0085800C /* Libs */ = {
			isa = PBXGroup;
			children = (
			);
			path = Libs;
			sourceTree = "<group>";
		};
		6A612F761E94ECCB0085800C /* View */ = {
			isa = PBXGroup;
			children = (
			);
			path = View;
			sourceTree = "<group>";
		};
		6A612F771E94ECE60085800C /* controller */ = {
			isa = PBXGroup;
			children = (
			);
			path = controller;
			sourceTree = "<group>";
		};
		6A612F781E94ECE60085800C /* Libs */ = {
			isa = PBXGroup;
			children = (
			);
			path = Libs;
			sourceTree = "<group>";
		};
		6A612F791E94ECE60085800C /* View */ = {
			isa = PBXGroup;
			children = (
			);
			path = View;
			sourceTree = "<group>";
		};
		6A612F7A1E94ECFC0085800C /* controller */ = {
			isa = PBXGroup;
			children = (
			);
			path = controller;
			sourceTree = "<group>";
		};
		6A612F7B1E94ECFC0085800C /* Libs */ = {
			isa = PBXGroup;
			children = (
				6A646C6C1EB32E0600D7DB4F /* LMCycleBanner.h */,
				6A646C6D1EB32E0600D7DB4F /* LMCycleBanner.m */,
			);
			path = Libs;
			sourceTree = "<group>";
		};
		6A612F7C1E94ECFC0085800C /* View */ = {
			isa = PBXGroup;
			children = (
			);
			path = View;
			sourceTree = "<group>";
		};
		6A612F7D1E94ED0E0085800C /* controller */ = {
			isa = PBXGroup;
			children = (
			);
			path = controller;
			sourceTree = "<group>";
		};
		6A612F7E1E94ED0E0085800C /* Libs */ = {
			isa = PBXGroup;
			children = (
			);
			path = Libs;
			sourceTree = "<group>";
		};
		6A612F7F1E94ED0E0085800C /* View */ = {
			isa = PBXGroup;
			children = (
			);
			path = View;
			sourceTree = "<group>";
		};
		6A612F801E94ED210085800C /* controller */ = {
			isa = PBXGroup;
			children = (
			);
			path = controller;
			sourceTree = "<group>";
		};
		6A612F811E94ED210085800C /* Libs */ = {
			isa = PBXGroup;
			children = (
			);
			path = Libs;
			sourceTree = "<group>";
		};
		6A612F821E94ED210085800C /* View */ = {
			isa = PBXGroup;
			children = (
			);
			path = View;
			sourceTree = "<group>";
		};
		6A646C6F1EB337AF00D7DB4F /* Masonry */ = {
			isa = PBXGroup;
			children = (
				6A646C701EB337AF00D7DB4F /* LICENSE */,
				6A646C711EB337AF00D7DB4F /* Masonry */,
				6A646C8B1EB337AF00D7DB4F /* README.md */,
			);
			path = Masonry;
			sourceTree = "<group>";
		};
		6A646C711EB337AF00D7DB4F /* Masonry */ = {
			isa = PBXGroup;
			children = (
				6A646C721EB337AF00D7DB4F /* MASCompositeConstraint.h */,
				6A646C731EB337AF00D7DB4F /* MASCompositeConstraint.m */,
				6A646C741EB337AF00D7DB4F /* MASConstraint+Private.h */,
				6A646C751EB337AF00D7DB4F /* MASConstraint.h */,
				6A646C761EB337AF00D7DB4F /* MASConstraint.m */,
				6A646C771EB337AF00D7DB4F /* MASConstraintMaker.h */,
				6A646C781EB337AF00D7DB4F /* MASConstraintMaker.m */,
				6A646C791EB337AF00D7DB4F /* MASLayoutConstraint.h */,
				6A646C7A1EB337AF00D7DB4F /* MASLayoutConstraint.m */,
				6A646C7B1EB337AF00D7DB4F /* Masonry.h */,
				6A646C7C1EB337AF00D7DB4F /* MASUtilities.h */,
				6A646C7D1EB337AF00D7DB4F /* MASViewAttribute.h */,
				6A646C7E1EB337AF00D7DB4F /* MASViewAttribute.m */,
				6A646C7F1EB337AF00D7DB4F /* MASViewConstraint.h */,
				6A646C801EB337AF00D7DB4F /* MASViewConstraint.m */,
				6A646C811EB337AF00D7DB4F /* NSArray+MASAdditions.h */,
				6A646C821EB337AF00D7DB4F /* NSArray+MASAdditions.m */,
				6A646C831EB337AF00D7DB4F /* NSArray+MASShorthandAdditions.h */,
				6A646C841EB337AF00D7DB4F /* NSLayoutConstraint+MASDebugAdditions.h */,
				6A646C851EB337AF00D7DB4F /* NSLayoutConstraint+MASDebugAdditions.m */,
				6A646C861EB337AF00D7DB4F /* View+MASAdditions.h */,
				6A646C871EB337AF00D7DB4F /* View+MASAdditions.m */,
				6A646C881EB337AF00D7DB4F /* View+MASShorthandAdditions.h */,
				6A646C891EB337AF00D7DB4F /* ViewController+MASAdditions.h */,
				6A646C8A1EB337AF00D7DB4F /* ViewController+MASAdditions.m */,
			);
			path = Masonry;
			sourceTree = "<group>";
		};
		6A838C081E7D1F31008C48C2 /* 网络请求的封装 */ = {
			isa = PBXGroup;
			children = (
				6A838C1E1E7D1FC8008C48C2 /* LHMHttpTool.h */,
				6A838C1F1E7D1FC8008C48C2 /* LHMHttpTool.m */,
				6A838C091E7D1F7A008C48C2 /* Libs */,
			);
			path = "网络请求的封装";
			sourceTree = "<group>";
		};
		6A838C091E7D1F7A008C48C2 /* Libs */ = {
			isa = PBXGroup;
			children = (
				6A838C0A1E7D1F85008C48C2 /* AFNetworking */,
			);
			path = Libs;
			sourceTree = "<group>";
		};
		6A838C0A1E7D1F85008C48C2 /* AFNetworking */ = {
			isa = PBXGroup;
			children = (
				6A838C0B1E7D1F85008C48C2 /* AFHTTPSessionManager.h */,
				6A838C0C1E7D1F85008C48C2 /* AFHTTPSessionManager.m */,
				6A838C0D1E7D1F85008C48C2 /* AFNetworking.h */,
				6A838C0E1E7D1F85008C48C2 /* AFNetworkReachabilityManager.h */,
				6A838C0F1E7D1F85008C48C2 /* AFNetworkReachabilityManager.m */,
				6A838C101E7D1F85008C48C2 /* AFSecurityPolicy.h */,
				6A838C111E7D1F85008C48C2 /* AFSecurityPolicy.m */,
				6A838C121E7D1F85008C48C2 /* AFURLRequestSerialization.h */,
				6A838C131E7D1F85008C48C2 /* AFURLRequestSerialization.m */,
				6A838C141E7D1F85008C48C2 /* AFURLResponseSerialization.h */,
				6A838C151E7D1F85008C48C2 /* AFURLResponseSerialization.m */,
				6A838C161E7D1F85008C48C2 /* AFURLSessionManager.h */,
				6A838C171E7D1F85008C48C2 /* AFURLSessionManager.m */,
			);
			path = AFNetworking;
			sourceTree = "<group>";
		};
		6A838C241E7D2E44008C48C2 /* 各种Extension */ = {
			isa = PBXGroup;
			children = (
				6A838C281E7D2E6E008C48C2 /* UIImage+LHMExtension.h */,
				6A838C291E7D2E6E008C48C2 /* UIImage+LHMExtension.m */,
				6A838C2B1E7D2E87008C48C2 /* UIImageView+LHMExtension.h */,
				6A838C2C1E7D2E87008C48C2 /* UIImageView+LHMExtension.m */,
				6A838C371E7D2F40008C48C2 /* UIView+LHMExtension.h */,
				6A838C381E7D2F40008C48C2 /* UIView+LHMExtension.m */,
			);
			path = "各种Extension";
			sourceTree = "<group>";
		};
		6A838C251E7D2E44008C48C2 /* 滚动视图 */ = {
			isa = PBXGroup;
			children = (
				6A612F7A1E94ECFC0085800C /* controller */,
				6A612F7B1E94ECFC0085800C /* Libs */,
				6A612F7C1E94ECFC0085800C /* View */,
			);
			path = "滚动视图";
			sourceTree = "<group>";
		};
		6A838C261E7D2E44008C48C2 /* 会员信息存储 */ = {
			isa = PBXGroup;
			children = (
				6A612F7D1E94ED0E0085800C /* controller */,
				6A612F7E1E94ED0E0085800C /* Libs */,
				6A612F7F1E94ED0E0085800C /* View */,
			);
			path = "会员信息存储";
			sourceTree = "<group>";
		};
		6A838C271E7D2E44008C48C2 /* 加密 */ = {
			isa = PBXGroup;
			children = (
				6A612F801E94ED210085800C /* controller */,
				6A612F811E94ED210085800C /* Libs */,
				6A612F821E94ED210085800C /* View */,
			);
			path = "加密";
			sourceTree = "<group>";
		};
/* End PBXGroup section */

/* Begin PBXNativeTarget section */
		6A1527811E73876A0058ADF1 /* 各种小功能 */ = {
			isa = PBXNativeTarget;
			buildConfigurationList = 6A1527AF1E73876A0058ADF1 /* Build configuration list for PBXNativeTarget "各种小功能" */;
			buildPhases = (
				6A15277E1E73876A0058ADF1 /* Sources */,
				6A15277F1E73876A0058ADF1 /* Frameworks */,
				6A1527801E73876A0058ADF1 /* Resources */,
			);
			buildRules = (
			);
			dependencies = (
			);
			name = "各种小功能";
			productName = "各种小功能";
			productReference = 6A1527821E73876A0058ADF1 /* 各种小功能.app */;
			productType = "com.apple.product-type.application";
		};
		6A15279A1E73876A0058ADF1 /* 各种小功能Tests */ = {
			isa = PBXNativeTarget;
			buildConfigurationList = 6A1527B21E73876A0058ADF1 /* Build configuration list for PBXNativeTarget "各种小功能Tests" */;
			buildPhases = (
				6A1527971E73876A0058ADF1 /* Sources */,
				6A1527981E73876A0058ADF1 /* Frameworks */,
				6A1527991E73876A0058ADF1 /* Resources */,
			);
			buildRules = (
			);
			dependencies = (
				6A15279D1E73876A0058ADF1 /* PBXTargetDependency */,
			);
			name = "各种小功能Tests";
			productName = "各种小功能Tests";
			productReference = 6A15279B1E73876A0058ADF1 /* 各种小功能Tests.xctest */;
			productType = "com.apple.product-type.bundle.unit-test";
		};
		6A1527A51E73876A0058ADF1 /* 各种小功能UITests */ = {
			isa = PBXNativeTarget;
			buildConfigurationList = 6A1527B51E73876A0058ADF1 /* Build configuration list for PBXNativeTarget "各种小功能UITests" */;
			buildPhases = (
				6A1527A21E73876A0058ADF1 /* Sources */,
				6A1527A31E73876A0058ADF1 /* Frameworks */,
				6A1527A41E73876A0058ADF1 /* Resources */,
			);
			buildRules = (
			);
			dependencies = (
				6A1527A81E73876A0058ADF1 /* PBXTargetDependency */,
			);
			name = "各种小功能UITests";
			productName = "各种小功能UITests";
			productReference = 6A1527A61E73876A0058ADF1 /* 各种小功能UITests.xctest */;
			productType = "com.apple.product-type.bundle.ui-testing";
		};
/* End PBXNativeTarget section */

/* Begin PBXProject section */
		6A15277A1E73876A0058ADF1 /* Project object */ = {
			isa = PBXProject;
			attributes = {
				CLASSPREFIX = LM;
				LastUpgradeCheck = 0820;
				ORGANIZATIONNAME = iOSDev;
				TargetAttributes = {
					6A1527811E73876A0058ADF1 = {
						CreatedOnToolsVersion = 8.2;
						ProvisioningStyle = Automatic;
					};
					6A15279A1E73876A0058ADF1 = {
						CreatedOnToolsVersion = 8.2;
						DevelopmentTeam = 4LM9Y47E8Q;
						ProvisioningStyle = Automatic;
						TestTargetID = 6A1527811E73876A0058ADF1;
					};
					6A1527A51E73876A0058ADF1 = {
						CreatedOnToolsVersion = 8.2;
						DevelopmentTeam = 4LM9Y47E8Q;
						ProvisioningStyle = Automatic;
						TestTargetID = 6A1527811E73876A0058ADF1;
					};
				};
			};
			buildConfigurationList = 6A15277D1E73876A0058ADF1 /* Build configuration list for PBXProject "各种小功能" */;
			compatibilityVersion = "Xcode 3.2";
			developmentRegion = English;
			hasScannedForEncodings = 0;
			knownRegions = (
				en,
				Base,
			);
			mainGroup = 6A1527791E73876A0058ADF1;
			productRefGroup = 6A1527831E73876A0058ADF1 /* Products */;
			projectDirPath = "";
			projectRoot = "";
			targets = (
				6A1527811E73876A0058ADF1 /* 各种小功能 */,
				6A15279A1E73876A0058ADF1 /* 各种小功能Tests */,
				6A1527A51E73876A0058ADF1 /* 各种小功能UITests */,
			);
		};
/* End PBXProject section */

/* Begin PBXResourcesBuildPhase section */
		6A1527801E73876A0058ADF1 /* Resources */ = {
			isa = PBXResourcesBuildPhase;
			buildActionMask = 2147483647;
			files = (
				6A1527951E73876A0058ADF1 /* LaunchScreen.storyboard in Resources */,
				6A1527921E73876A0058ADF1 /* Assets.xcassets in Resources */,
				6A612F6B1E9482060085800C /* LICENSE in Resources */,
				6A612F231E9481F80085800C /* MJRefresh.bundle in Resources */,
				6A646C8C1EB337AF00D7DB4F /* LICENSE in Resources */,
				6A612F521E9482000085800C /* LICENSE in Resources */,
				6A1527C41E7398730058ADF1 /* min.jpg in Resources */,
				6A6993CB1E95EB4F0079E078 /* 效果1.gif in Resources */,
				6A1527901E73876A0058ADF1 /* Main.storyboard in Resources */,
				6A612F141E9481F80085800C /* LICENSE in Resources */,
			);
			runOnlyForDeploymentPostprocessing = 0;
		};
		6A1527991E73876A0058ADF1 /* Resources */ = {
			isa = PBXResourcesBuildPhase;
			buildActionMask = 2147483647;
			files = (
			);
			runOnlyForDeploymentPostprocessing = 0;
		};
		6A1527A41E73876A0058ADF1 /* Resources */ = {
			isa = PBXResourcesBuildPhase;
			buildActionMask = 2147483647;
			files = (
			);
			runOnlyForDeploymentPostprocessing = 0;
		};
/* End PBXResourcesBuildPhase section */

/* Begin PBXSourcesBuildPhase section */
		6A15277E1E73876A0058ADF1 /* Sources */ = {
			isa = PBXSourcesBuildPhase;
			buildActionMask = 2147483647;
			files = (
				6A612F5E1E9482000085800C /* UIButton+WebCache.m in Sources */,
				6A1527BC1E7388660058ADF1 /* LHMCode.m in Sources */,
				6A838C1A1E7D1F85008C48C2 /* AFSecurityPolicy.m in Sources */,
				6A15278D1E73876A0058ADF1 /* ViewController.m in Sources */,
				6A838C391E7D2F40008C48C2 /* UIView+LHMExtension.m in Sources */,
				6A612F251E9481F80085800C /* NSBundle+MJRefresh.m in Sources */,
				6A1527BF1E7394490058ADF1 /* MyCodeViewController.m in Sources */,
				6A612F1B1E9481F80085800C /* MJRefreshAutoNormalFooter.m in Sources */,
				6A646C951EB337AF00D7DB4F /* View+MASAdditions.m in Sources */,
				6A612F211E9481F80085800C /* MJRefreshNormalHeader.m in Sources */,
				6A838C1C1E7D1F85008C48C2 /* AFURLResponseSerialization.m in Sources */,
				6A838C2A1E7D2E6E008C48C2 /* UIImage+LHMExtension.m in Sources */,
				6A1527C21E7395760058ADF1 /* UIImage+RoundedRectImage.m in Sources */,
				6A15278A1E73876A0058ADF1 /* AppDelegate.m in Sources */,
				6A612F581E9482000085800C /* SDWebImageCompat.m in Sources */,
				6A646C8F1EB337AF00D7DB4F /* MASConstraintMaker.m in Sources */,
				6A612F5C1E9482000085800C /* SDWebImageManager.m in Sources */,
				6A838C181E7D1F85008C48C2 /* AFHTTPSessionManager.m in Sources */,
				6A838C1B1E7D1F85008C48C2 /* AFURLRequestSerialization.m in Sources */,
				6A612F551E9482000085800C /* NSImage+WebCache.m in Sources */,
				6A612F591E9482000085800C /* SDWebImageDecoder.m in Sources */,
				6A612F1C1E9481F80085800C /* MJRefreshAutoStateFooter.m in Sources */,
				6A838C2D1E7D2E87008C48C2 /* UIImageView+LHMExtension.m in Sources */,
				6A612F5A1E9482000085800C /* SDWebImageDownloader.m in Sources */,
				6A612F541E9482000085800C /* NSData+ImageContentType.m in Sources */,
				6A612F1A1E9481F80085800C /* MJRefreshAutoGifFooter.m in Sources */,
				6A646C911EB337AF00D7DB4F /* MASViewAttribute.m in Sources */,
				6A612F1E1E9481F80085800C /* MJRefreshBackNormalFooter.m in Sources */,
				6A612F601E9482000085800C /* UIImage+MultiFormat.m in Sources */,
				6A612F271E9481F80085800C /* UIScrollView+MJRefresh.m in Sources */,
				6A612F851E950CC70085800C /* MJViewController.m in Sources */,
				6A612F561E9482000085800C /* SDImageCache.m in Sources */,
				6A646C6E1EB32E0600D7DB4F /* LMCycleBanner.m in Sources */,
				6A612F171E9481F80085800C /* MJRefreshComponent.m in Sources */,
				6A838C231E7D2841008C48C2 /* LHMImagePicker.m in Sources */,
				6A612F261E9481F80085800C /* UIScrollView+MJExtension.m in Sources */,
				6A646C8D1EB337AF00D7DB4F /* MASCompositeConstraint.m in Sources */,
				6A838C1D1E7D1F85008C48C2 /* AFURLSessionManager.m in Sources */,
				6A612F631E9482000085800C /* UIView+WebCache.m in Sources */,
				6A612F161E9481F80085800C /* MJRefreshBackFooter.m in Sources */,
				6A612F1F1E9481F80085800C /* MJRefreshBackStateFooter.m in Sources */,
				6A612F201E9481F80085800C /* MJRefreshGifHeader.m in Sources */,
				6A4E226F1EAE031100BC822A /* LMEditController.m in Sources */,
				6A612F5D1E9482000085800C /* SDWebImagePrefetcher.m in Sources */,
				6A612F641E9482000085800C /* UIView+WebCacheOperation.m in Sources */,
				6A612F1D1E9481F80085800C /* MJRefreshBackGifFooter.m in Sources */,
				6A646C961EB337AF00D7DB4F /* ViewController+MASAdditions.m in Sources */,
				6A646C921EB337AF00D7DB4F /* MASViewConstraint.m in Sources */,
				6A612F241E9481F80085800C /* MJRefreshConst.m in Sources */,
				6A646C941EB337AF00D7DB4F /* NSLayoutConstraint+MASDebugAdditions.m in Sources */,
				6A612F611E9482000085800C /* UIImageView+HighlightedWebCache.m in Sources */,
				6A612F571E9482000085800C /* SDImageCacheConfig.m in Sources */,
				6A612F6D1E9482060085800C /* README.mdown in Sources */,
				6A612F5F1E9482000085800C /* UIImage+GIF.m in Sources */,
				6A646C971EB337AF00D7DB4F /* README.md in Sources */,
				6A838C191E7D1F85008C48C2 /* AFNetworkReachabilityManager.m in Sources */,
				6A612F291E9481F80085800C /* README.md in Sources */,
				6A646C931EB337AF00D7DB4F /* NSArray+MASAdditions.m in Sources */,
				6A646C8E1EB337AF00D7DB4F /* MASConstraint.m in Sources */,
				6A646C901EB337AF00D7DB4F /* MASLayoutConstraint.m in Sources */,
				6A612F621E9482000085800C /* UIImageView+WebCache.m in Sources */,
				6A838C201E7D1FC8008C48C2 /* LHMHttpTool.m in Sources */,
				6A612F151E9481F80085800C /* MJRefreshAutoFooter.m in Sources */,
				6A612F531E9482000085800C /* README.md in Sources */,
				6A612F5B1E9482000085800C /* SDWebImageDownloaderOperation.m in Sources */,
				6A612F281E9481F80085800C /* UIView+MJExtension.m in Sources */,
				6A1527871E73876A0058ADF1 /* main.m in Sources */,
				6A612F181E9481F80085800C /* MJRefreshFooter.m in Sources */,
				6A612F191E9481F80085800C /* MJRefreshHeader.m in Sources */,
				6A612F221E9481F80085800C /* MJRefreshStateHeader.m in Sources */,
				6A612F6C1E9482060085800C /* MBProgressHUD.m in Sources */,
			);
			runOnlyForDeploymentPostprocessing = 0;
		};
		6A1527971E73876A0058ADF1 /* Sources */ = {
			isa = PBXSourcesBuildPhase;
			buildActionMask = 2147483647;
			files = (
				6A1527A01E73876A0058ADF1 /* _____Tests.m in Sources */,
			);
			runOnlyForDeploymentPostprocessing = 0;
		};
		6A1527A21E73876A0058ADF1 /* Sources */ = {
			isa = PBXSourcesBuildPhase;
			buildActionMask = 2147483647;
			files = (
				6A1527AB1E73876A0058ADF1 /* _____UITests.m in Sources */,
			);
			runOnlyForDeploymentPostprocessing = 0;
		};
/* End PBXSourcesBuildPhase section */

/* Begin PBXTargetDependency section */
		6A15279D1E73876A0058ADF1 /* PBXTargetDependency */ = {
			isa = PBXTargetDependency;
			target = 6A1527811E73876A0058ADF1 /* 各种小功能 */;
			targetProxy = 6A15279C1E73876A0058ADF1 /* PBXContainerItemProxy */;
		};
		6A1527A81E73876A0058ADF1 /* PBXTargetDependency */ = {
			isa = PBXTargetDependency;
			target = 6A1527811E73876A0058ADF1 /* 各种小功能 */;
			targetProxy = 6A1527A71E73876A0058ADF1 /* PBXContainerItemProxy */;
		};
/* End PBXTargetDependency section */

/* Begin PBXVariantGroup section */
		6A15278E1E73876A0058ADF1 /* Main.storyboard */ = {
			isa = PBXVariantGroup;
			children = (
				6A15278F1E73876A0058ADF1 /* Base */,
			);
			name = Main.storyboard;
			sourceTree = "<group>";
		};
		6A1527931E73876A0058ADF1 /* LaunchScreen.storyboard */ = {
			isa = PBXVariantGroup;
			children = (
				6A1527941E73876A0058ADF1 /* Base */,
			);
			name = LaunchScreen.storyboard;
			sourceTree = "<group>";
		};
/* End PBXVariantGroup section */

/* Begin XCBuildConfiguration section */
		6A1527AD1E73876A0058ADF1 /* Debug */ = {
			isa = XCBuildConfiguration;
			buildSettings = {
				ALWAYS_SEARCH_USER_PATHS = NO;
				CLANG_ANALYZER_NONNULL = YES;
				CLANG_CXX_LANGUAGE_STANDARD = "gnu++0x";
				CLANG_CXX_LIBRARY = "libc++";
				CLANG_ENABLE_MODULES = YES;
				CLANG_ENABLE_OBJC_ARC = YES;
				CLANG_WARN_BOOL_CONVERSION = YES;
				CLANG_WARN_CONSTANT_CONVERSION = YES;
				CLANG_WARN_DIRECT_OBJC_ISA_USAGE = YES_ERROR;
				CLANG_WARN_DOCUMENTATION_COMMENTS = YES;
				CLANG_WARN_EMPTY_BODY = YES;
				CLANG_WARN_ENUM_CONVERSION = YES;
				CLANG_WARN_INFINITE_RECURSION = YES;
				CLANG_WARN_INT_CONVERSION = YES;
				CLANG_WARN_OBJC_ROOT_CLASS = YES_ERROR;
				CLANG_WARN_SUSPICIOUS_MOVE = YES;
				CLANG_WARN_UNREACHABLE_CODE = YES;
				CLANG_WARN__DUPLICATE_METHOD_MATCH = YES;
				"CODE_SIGN_IDENTITY[sdk=iphoneos*]" = "iPhone Developer";
				COPY_PHASE_STRIP = NO;
				DEBUG_INFORMATION_FORMAT = dwarf;
				ENABLE_STRICT_OBJC_MSGSEND = YES;
				ENABLE_TESTABILITY = YES;
				GCC_C_LANGUAGE_STANDARD = gnu99;
				GCC_DYNAMIC_NO_PIC = NO;
				GCC_NO_COMMON_BLOCKS = YES;
				GCC_OPTIMIZATION_LEVEL = 0;
				GCC_PREPROCESSOR_DEFINITIONS = (
					"DEBUG=1",
					"$(inherited)",
				);
				GCC_WARN_64_TO_32_BIT_CONVERSION = YES;
				GCC_WARN_ABOUT_RETURN_TYPE = YES_ERROR;
				GCC_WARN_UNDECLARED_SELECTOR = YES;
				GCC_WARN_UNINITIALIZED_AUTOS = YES_AGGRESSIVE;
				GCC_WARN_UNUSED_FUNCTION = YES;
				GCC_WARN_UNUSED_VARIABLE = YES;
				IPHONEOS_DEPLOYMENT_TARGET = 10.2;
				MTL_ENABLE_DEBUG_INFO = YES;
				ONLY_ACTIVE_ARCH = YES;
				SDKROOT = iphoneos;
				TARGETED_DEVICE_FAMILY = "1,2";
			};
			name = Debug;
		};
		6A1527AE1E73876A0058ADF1 /* Release */ = {
			isa = XCBuildConfiguration;
			buildSettings = {
				ALWAYS_SEARCH_USER_PATHS = NO;
				CLANG_ANALYZER_NONNULL = YES;
				CLANG_CXX_LANGUAGE_STANDARD = "gnu++0x";
				CLANG_CXX_LIBRARY = "libc++";
				CLANG_ENABLE_MODULES = YES;
				CLANG_ENABLE_OBJC_ARC = YES;
				CLANG_WARN_BOOL_CONVERSION = YES;
				CLANG_WARN_CONSTANT_CONVERSION = YES;
				CLANG_WARN_DIRECT_OBJC_ISA_USAGE = YES_ERROR;
				CLANG_WARN_DOCUMENTATION_COMMENTS = YES;
				CLANG_WARN_EMPTY_BODY = YES;
				CLANG_WARN_ENUM_CONVERSION = YES;
				CLANG_WARN_INFINITE_RECURSION = YES;
				CLANG_WARN_INT_CONVERSION = YES;
				CLANG_WARN_OBJC_ROOT_CLASS = YES_ERROR;
				CLANG_WARN_SUSPICIOUS_MOVE = YES;
				CLANG_WARN_UNREACHABLE_CODE = YES;
				CLANG_WARN__DUPLICATE_METHOD_MATCH = YES;
				"CODE_SIGN_IDENTITY[sdk=iphoneos*]" = "iPhone Developer";
				COPY_PHASE_STRIP = NO;
				DEBUG_INFORMATION_FORMAT = "dwarf-with-dsym";
				ENABLE_NS_ASSERTIONS = NO;
				ENABLE_STRICT_OBJC_MSGSEND = YES;
				GCC_C_LANGUAGE_STANDARD = gnu99;
				GCC_NO_COMMON_BLOCKS = YES;
				GCC_WARN_64_TO_32_BIT_CONVERSION = YES;
				GCC_WARN_ABOUT_RETURN_TYPE = YES_ERROR;
				GCC_WARN_UNDECLARED_SELECTOR = YES;
				GCC_WARN_UNINITIALIZED_AUTOS = YES_AGGRESSIVE;
				GCC_WARN_UNUSED_FUNCTION = YES;
				GCC_WARN_UNUSED_VARIABLE = YES;
				IPHONEOS_DEPLOYMENT_TARGET = 10.2;
				MTL_ENABLE_DEBUG_INFO = NO;
				SDKROOT = iphoneos;
				TARGETED_DEVICE_FAMILY = "1,2";
				VALIDATE_PRODUCT = YES;
			};
			name = Release;
		};
		6A1527B01E73876A0058ADF1 /* Debug */ = {
			isa = XCBuildConfiguration;
			buildSettings = {
				ASSETCATALOG_COMPILER_APPICON_NAME = AppIcon;
				DEVELOPMENT_TEAM = "";
				INFOPLIST_FILE = "各种小功能/Info.plist";
				LD_RUNPATH_SEARCH_PATHS = "$(inherited) @executable_path/Frameworks";
				PRODUCT_BUNDLE_IDENTIFIER = "com.expansion.-----";
				PRODUCT_NAME = "$(TARGET_NAME)";
			};
			name = Debug;
		};
		6A1527B11E73876A0058ADF1 /* Release */ = {
			isa = XCBuildConfiguration;
			buildSettings = {
				ASSETCATALOG_COMPILER_APPICON_NAME = AppIcon;
				DEVELOPMENT_TEAM = "";
				INFOPLIST_FILE = "各种小功能/Info.plist";
				LD_RUNPATH_SEARCH_PATHS = "$(inherited) @executable_path/Frameworks";
				PRODUCT_BUNDLE_IDENTIFIER = "com.expansion.-----";
				PRODUCT_NAME = "$(TARGET_NAME)";
			};
			name = Release;
		};
		6A1527B31E73876A0058ADF1 /* Debug */ = {
			isa = XCBuildConfiguration;
			buildSettings = {
				BUNDLE_LOADER = "$(TEST_HOST)";
				DEVELOPMENT_TEAM = 4LM9Y47E8Q;
				INFOPLIST_FILE = "各种小功能Tests/Info.plist";
				LD_RUNPATH_SEARCH_PATHS = "$(inherited) @executable_path/Frameworks @loader_path/Frameworks";
				PRODUCT_BUNDLE_IDENTIFIER = "com.expansion.-----Tests";
				PRODUCT_NAME = "$(TARGET_NAME)";
				TEST_HOST = "$(BUILT_PRODUCTS_DIR)/各种小功能.app/各种小功能";
			};
			name = Debug;
		};
		6A1527B41E73876A0058ADF1 /* Release */ = {
			isa = XCBuildConfiguration;
			buildSettings = {
				BUNDLE_LOADER = "$(TEST_HOST)";
				DEVELOPMENT_TEAM = 4LM9Y47E8Q;
				INFOPLIST_FILE = "各种小功能Tests/Info.plist";
				LD_RUNPATH_SEARCH_PATHS = "$(inherited) @executable_path/Frameworks @loader_path/Frameworks";
				PRODUCT_BUNDLE_IDENTIFIER = "com.expansion.-----Tests";
				PRODUCT_NAME = "$(TARGET_NAME)";
				TEST_HOST = "$(BUILT_PRODUCTS_DIR)/各种小功能.app/各种小功能";
			};
			name = Release;
		};
		6A1527B61E73876A0058ADF1 /* Debug */ = {
			isa = XCBuildConfiguration;
			buildSettings = {
				DEVELOPMENT_TEAM = 4LM9Y47E8Q;
				INFOPLIST_FILE = "各种小功能UITests/Info.plist";
				LD_RUNPATH_SEARCH_PATHS = "$(inherited) @executable_path/Frameworks @loader_path/Frameworks";
				PRODUCT_BUNDLE_IDENTIFIER = "com.expansion.-----UITests";
				PRODUCT_NAME = "$(TARGET_NAME)";
				TEST_TARGET_NAME = "各种小功能";
			};
			name = Debug;
		};
		6A1527B71E73876A0058ADF1 /* Release */ = {
			isa = XCBuildConfiguration;
			buildSettings = {
				DEVELOPMENT_TEAM = 4LM9Y47E8Q;
				INFOPLIST_FILE = "各种小功能UITests/Info.plist";
				LD_RUNPATH_SEARCH_PATHS = "$(inherited) @executable_path/Frameworks @loader_path/Frameworks";
				PRODUCT_BUNDLE_IDENTIFIER = "com.expansion.-----UITests";
				PRODUCT_NAME = "$(TARGET_NAME)";
				TEST_TARGET_NAME = "各种小功能";
			};
			name = Release;
		};
/* End XCBuildConfiguration section */

/* Begin XCConfigurationList section */
		6A15277D1E73876A0058ADF1 /* Build configuration list for PBXProject "各种小功能" */ = {
			isa = XCConfigurationList;
			buildConfigurations = (
				6A1527AD1E73876A0058ADF1 /* Debug */,
				6A1527AE1E73876A0058ADF1 /* Release */,
			);
			defaultConfigurationIsVisible = 0;
			defaultConfigurationName = Release;
		};
		6A1527AF1E73876A0058ADF1 /* Build configuration list for PBXNativeTarget "各种小功能" */ = {
			isa = XCConfigurationList;
			buildConfigurations = (
				6A1527B01E73876A0058ADF1 /* Debug */,
				6A1527B11E73876A0058ADF1 /* Release */,
			);
			defaultConfigurationIsVisible = 0;
			defaultConfigurationName = Release;
		};
		6A1527B21E73876A0058ADF1 /* Build configuration list for PBXNativeTarget "各种小功能Tests" */ = {
			isa = XCConfigurationList;
			buildConfigurations = (
				6A1527B31E73876A0058ADF1 /* Debug */,
				6A1527B41E73876A0058ADF1 /* Release */,
			);
			defaultConfigurationIsVisible = 0;
			defaultConfigurationName = Release;
		};
		6A1527B51E73876A0058ADF1 /* Build configuration list for PBXNativeTarget "各种小功能UITests" */ = {
			isa = XCConfigurationList;
			buildConfigurations = (
				6A1527B61E73876A0058ADF1 /* Debug */,
				6A1527B71E73876A0058ADF1 /* Release */,
			);
			defaultConfigurationIsVisible = 0;
			defaultConfigurationName = Release;
		};
/* End XCConfigurationList section */
	};
	rootObject = 6A15277A1E73876A0058ADF1 /* Project object */;
}
